// !$*UTF8*$!
{
	archiveVersion = 1;
	classes = {
	};
	objectVersion = 56;
	objects = {

/* Begin PBXBuildFile section */
		DB002BB12A67C273001B5672 /* HomeViewController.swift in Sources */ = {isa = PBXBuildFile; fileRef = DB002BB02A67C273001B5672 /* HomeViewController.swift */; };
		DB002BB42A67C332001B5672 /* CommunityViewController.swift in Sources */ = {isa = PBXBuildFile; fileRef = DB002BB32A67C332001B5672 /* CommunityViewController.swift */; };
		DB002BB82A67C36F001B5672 /* LookUpViewController.swift in Sources */ = {isa = PBXBuildFile; fileRef = DB002BB72A67C36F001B5672 /* LookUpViewController.swift */; };
		DB002BBB2A67C3C7001B5672 /* MyPageViewController.swift in Sources */ = {isa = PBXBuildFile; fileRef = DB002BBA2A67C3C7001B5672 /* MyPageViewController.swift */; };
		DB51D2532A4B36A5002415B0 /* AgreementView.swift in Sources */ = {isa = PBXBuildFile; fileRef = DB51D2522A4B36A5002415B0 /* AgreementView.swift */; };
		DB51D2552A4B3DC0002415B0 /* AgreementViewController.swift in Sources */ = {isa = PBXBuildFile; fileRef = DB51D2542A4B3DC0002415B0 /* AgreementViewController.swift */; };
		DB51D2572A4BB8B5002415B0 /* AgreementViewModel.swift in Sources */ = {isa = PBXBuildFile; fileRef = DB51D2562A4BB8B5002415B0 /* AgreementViewModel.swift */; };
		DB51D2592A4C2719002415B0 /* AgreementModel.swift in Sources */ = {isa = PBXBuildFile; fileRef = DB51D2582A4C2719002415B0 /* AgreementModel.swift */; };
		DB51ECBA2A68488C009F4690 /* FitHubSearchBar.swift in Sources */ = {isa = PBXBuildFile; fileRef = DB51ECB92A68488C009F4690 /* FitHubSearchBar.swift */; };
		DB51ECBD2A68E846009F4690 /* FitHubTopTabbar.swift in Sources */ = {isa = PBXBuildFile; fileRef = DB51ECBC2A68E846009F4690 /* FitHubTopTabbar.swift */; };
		DB51ECC02A692EFC009F4690 /* TopTabbarItem.swift in Sources */ = {isa = PBXBuildFile; fileRef = DB51ECBF2A692EFC009F4690 /* TopTabbarItem.swift */; };
		DB55B6C32A6B9B55006FEA7F /* BaseResponse.swift in Sources */ = {isa = PBXBuildFile; fileRef = DB55B6C22A6B9B55006FEA7F /* BaseResponse.swift */; };
		DB55B6C52A6BAF38006FEA7F /* PhoneNumLoginDTO.swift in Sources */ = {isa = PBXBuildFile; fileRef = DB55B6C42A6BAF38006FEA7F /* PhoneNumLoginDTO.swift */; };
		DB55B6C92A6BB28A006FEA7F /* PhoneNumLoginUseCase.swift in Sources */ = {isa = PBXBuildFile; fileRef = DB55B6C82A6BB28A006FEA7F /* PhoneNumLoginUseCase.swift */; };
		DB55B6D32A6C0855006FEA7F /* PhoneVerificationUseCase.swift in Sources */ = {isa = PBXBuildFile; fileRef = DB55B6D22A6C0855006FEA7F /* PhoneVerificationUseCase.swift */; };
		DB55B6D62A6C2339006FEA7F /* PhoneAuthNumberDTO.swift in Sources */ = {isa = PBXBuildFile; fileRef = DB55B6D52A6C2339006FEA7F /* PhoneAuthNumberDTO.swift */; };
		DB57122B2A71F29600DCAD9C /* ChangePasswordDTO.swift in Sources */ = {isa = PBXBuildFile; fileRef = DB57122A2A71F29600DCAD9C /* ChangePasswordDTO.swift */; };
		DB57122D2A72059300DCAD9C /* ResetPasswordUseCase.swift in Sources */ = {isa = PBXBuildFile; fileRef = DB57122C2A72059300DCAD9C /* ResetPasswordUseCase.swift */; };
		DB57122F2A7205DA00DCAD9C /* ResetPasswordRepository.swift in Sources */ = {isa = PBXBuildFile; fileRef = DB57122E2A7205DA00DCAD9C /* ResetPasswordRepository.swift */; };
		DB5712332A7235D200DCAD9C /* KeychainManager.swift in Sources */ = {isa = PBXBuildFile; fileRef = DB5712322A7235D200DCAD9C /* KeychainManager.swift */; };
		DB5712352A723C1500DCAD9C /* AuthManager.swift in Sources */ = {isa = PBXBuildFile; fileRef = DB5712342A723C1500DCAD9C /* AuthManager.swift */; };
		DB5712382A724D7B00DCAD9C /* OAuthRegistInputViewController.swift in Sources */ = {isa = PBXBuildFile; fileRef = DB5712372A724D7B00DCAD9C /* OAuthRegistInputViewController.swift */; };
		DB57123A2A72590B00DCAD9C /* OAuthRegistInputViewModel.swift in Sources */ = {isa = PBXBuildFile; fileRef = DB5712392A72590B00DCAD9C /* OAuthRegistInputViewModel.swift */; };
		DB57123C2A7259B700DCAD9C /* OAuthRegistInputUseCase.swift in Sources */ = {isa = PBXBuildFile; fileRef = DB57123B2A7259B700DCAD9C /* OAuthRegistInputUseCase.swift */; };
		DB57123E2A72651500DCAD9C /* RegistType.swift in Sources */ = {isa = PBXBuildFile; fileRef = DB57123D2A72651500DCAD9C /* RegistType.swift */; };
		DB5D22302A546AB400B32485 /* PhoneVerificationViewModel.swift in Sources */ = {isa = PBXBuildFile; fileRef = DB5D222F2A546AB400B32485 /* PhoneVerificationViewModel.swift */; };
		DB5D22322A5470A800B32485 /* PasswordSettingViewModel.swift in Sources */ = {isa = PBXBuildFile; fileRef = DB5D22312A5470A800B32485 /* PasswordSettingViewModel.swift */; };
		DB668AF42A4EECB300D702A1 /* UIViewController+.swift in Sources */ = {isa = PBXBuildFile; fileRef = DB668AF32A4EECB300D702A1 /* UIViewController+.swift */; };
		DB668AF72A4F041100D702A1 /* ViewModelType.swift in Sources */ = {isa = PBXBuildFile; fileRef = DB668AF62A4F041100D702A1 /* ViewModelType.swift */; };
		DB668AF92A4F06D000D702A1 /* AuthUserInfo.swift in Sources */ = {isa = PBXBuildFile; fileRef = DB668AF82A4F06D000D702A1 /* AuthUserInfo.swift */; };
		DB668AFC2A50017700D702A1 /* UserInfoStatus.swift in Sources */ = {isa = PBXBuildFile; fileRef = DB668AFB2A50017700D702A1 /* UserInfoStatus.swift */; };
		DB6CC3ED2A7016E700C4C2BC /* SportsSelectingUseCase.swift in Sources */ = {isa = PBXBuildFile; fileRef = DB6CC3EC2A7016E700C4C2BC /* SportsSelectingUseCase.swift */; };
		DB6CC3F12A70BF5600C4C2BC /* SportsSelectingRepository.swift in Sources */ = {isa = PBXBuildFile; fileRef = DB6CC3F02A70BF5600C4C2BC /* SportsSelectingRepository.swift */; };
		DB6CC3F32A70E59700C4C2BC /* RegistResponseDTO.swift in Sources */ = {isa = PBXBuildFile; fileRef = DB6CC3F22A70E59700C4C2BC /* RegistResponseDTO.swift */; };
		DB6D93CF2A4D596D0011F9BC /* TelecomProviderType.swift in Sources */ = {isa = PBXBuildFile; fileRef = DB6D93CE2A4D596D0011F9BC /* TelecomProviderType.swift */; };
		DB6D93D12A4D5D2F0011F9BC /* SimpleLabelCell.swift in Sources */ = {isa = PBXBuildFile; fileRef = DB6D93D02A4D5D2F0011F9BC /* SimpleLabelCell.swift */; };
		DB6D93D42A4D61D60011F9BC /* TelecomProviderSelectorViewController.swift in Sources */ = {isa = PBXBuildFile; fileRef = DB6D93D32A4D61D60011F9BC /* TelecomProviderSelectorViewController.swift */; };
		DB6D93D72A4D62920011F9BC /* RegistInfoViewModel.swift in Sources */ = {isa = PBXBuildFile; fileRef = DB6D93D62A4D62920011F9BC /* RegistInfoViewModel.swift */; };
		DB6D93DB2A4DCC650011F9BC /* DateOfBirthTextFieldView.swift in Sources */ = {isa = PBXBuildFile; fileRef = DB6D93DA2A4DCC650011F9BC /* DateOfBirthTextFieldView.swift */; };
		DB6D93DE2A4E7E340011F9BC /* RegistInfoInputViewController.swift in Sources */ = {isa = PBXBuildFile; fileRef = DB6D93DD2A4E7E340011F9BC /* RegistInfoInputViewController.swift */; };
		DB6D93E22A4EC8C10011F9BC /* PhoneVerificationViewController.swift in Sources */ = {isa = PBXBuildFile; fileRef = DB6D93E12A4EC8C10011F9BC /* PhoneVerificationViewController.swift */; };
		DB6D93E42A4EDCE20011F9BC /* PasswordSettingViewController.swift in Sources */ = {isa = PBXBuildFile; fileRef = DB6D93E32A4EDCE20011F9BC /* PasswordSettingViewController.swift */; };
		DB71348D2A5BDBF90006EAAB /* AuthService.swift in Sources */ = {isa = PBXBuildFile; fileRef = DB71348C2A5BDBF90006EAAB /* AuthService.swift */; };
		DB7134912A5BF46C0006EAAB /* AuthError.swift in Sources */ = {isa = PBXBuildFile; fileRef = DB7134902A5BF46C0006EAAB /* AuthError.swift */; };
		DB746F732A71308400FBA8D4 /* RegistCompletionViewController.swift in Sources */ = {isa = PBXBuildFile; fileRef = DB746F722A71308400FBA8D4 /* RegistCompletionViewController.swift */; };
		DB7559DF2A548BC000B88B96 /* ProfileSettingViewController.swift in Sources */ = {isa = PBXBuildFile; fileRef = DB7559DE2A548BC000B88B96 /* ProfileSettingViewController.swift */; };
		DB7559E12A548C6800B88B96 /* ProfileSettingViewModel.swift in Sources */ = {isa = PBXBuildFile; fileRef = DB7559E02A548C6800B88B96 /* ProfileSettingViewModel.swift */; };
		DB7559E32A55030400B88B96 /* SportsSelectingViewController.swift in Sources */ = {isa = PBXBuildFile; fileRef = DB7559E22A55030400B88B96 /* SportsSelectingViewController.swift */; };
		DB7559E52A55035800B88B96 /* SportsSelectingViewModel.swift in Sources */ = {isa = PBXBuildFile; fileRef = DB7559E42A55035800B88B96 /* SportsSelectingViewModel.swift */; };
		DB7559E72A55062C00B88B96 /* SportsCell.swift in Sources */ = {isa = PBXBuildFile; fileRef = DB7559E62A55062C00B88B96 /* SportsCell.swift */; };
		DB8CD6FF2A6D0B7C004735C8 /* ProfileSettingRepository.swift in Sources */ = {isa = PBXBuildFile; fileRef = DB8CD6FE2A6D0B7C004735C8 /* ProfileSettingRepository.swift */; };
		DB8CD7012A6D0BFE004735C8 /* PhoneVerificationRepository.swift in Sources */ = {isa = PBXBuildFile; fileRef = DB8CD7002A6D0BFE004735C8 /* PhoneVerificationRepository.swift */; };
		DB8CD7062A6D0CF2004735C8 /* PhoneNumLoginRepository.swift in Sources */ = {isa = PBXBuildFile; fileRef = DB8CD7052A6D0CF2004735C8 /* PhoneNumLoginRepository.swift */; };
		DB8CD7082A6D0D38004735C8 /* OAuthLoginRepository.swift in Sources */ = {isa = PBXBuildFile; fileRef = DB8CD7072A6D0D38004735C8 /* OAuthLoginRepository.swift */; };
		DB8CD70B2A6D0E07004735C8 /* FindPWRepository.swift in Sources */ = {isa = PBXBuildFile; fileRef = DB8CD70A2A6D0E07004735C8 /* FindPWRepository.swift */; };
		DB8CD70D2A6D14C5004735C8 /* CategoryCell.swift in Sources */ = {isa = PBXBuildFile; fileRef = DB8CD70C2A6D14C5004735C8 /* CategoryCell.swift */; };
		DB8CD7102A6D2385004735C8 /* RxDataSources in Frameworks */ = {isa = PBXBuildFile; productRef = DB8CD70F2A6D2385004735C8 /* RxDataSources */; };
		DB8CD7132A6D2855004735C8 /* SortSwitchView.swift in Sources */ = {isa = PBXBuildFile; fileRef = DB8CD7122A6D2855004735C8 /* SortSwitchView.swift */; };
		DB8CD7152A6D2C9F004735C8 /* CertificationCell.swift in Sources */ = {isa = PBXBuildFile; fileRef = DB8CD7142A6D2C9F004735C8 /* CertificationCell.swift */; };
		DB8CD7172A6D3995004735C8 /* CreateActionSheet.swift in Sources */ = {isa = PBXBuildFile; fileRef = DB8CD7162A6D3995004735C8 /* CreateActionSheet.swift */; };
		DB8CD7192A6E0B7D004735C8 /* CommunityViewModel.swift in Sources */ = {isa = PBXBuildFile; fileRef = DB8CD7182A6E0B7D004735C8 /* CommunityViewModel.swift */; };
		DB8CD71B2A6E0C93004735C8 /* CategoryDTO.swift in Sources */ = {isa = PBXBuildFile; fileRef = DB8CD71A2A6E0C93004735C8 /* CategoryDTO.swift */; };
		DB8CD71F2A6E164A004735C8 /* CommunityUseCase.swift in Sources */ = {isa = PBXBuildFile; fileRef = DB8CD71E2A6E164A004735C8 /* CommunityUseCase.swift */; };
		DB8CD7222A6E16FA004735C8 /* CommunityRepository.swift in Sources */ = {isa = PBXBuildFile; fileRef = DB8CD7212A6E16FA004735C8 /* CommunityRepository.swift */; };
		DB8CD7252A6E58A1004735C8 /* CommunityType.swift in Sources */ = {isa = PBXBuildFile; fileRef = DB8CD7242A6E58A1004735C8 /* CommunityType.swift */; };
		DB8CD7272A6E5A27004735C8 /* OrderType.swift in Sources */ = {isa = PBXBuildFile; fileRef = DB8CD7262A6E5A27004735C8 /* OrderType.swift */; };
		DB8CD7292A6E72C0004735C8 /* AgreementUseCase.swift in Sources */ = {isa = PBXBuildFile; fileRef = DB8CD7282A6E72C0004735C8 /* AgreementUseCase.swift */; };
		DB97F8352A527BCF009C09A1 /* StandardNotificationAlertView.swift in Sources */ = {isa = PBXBuildFile; fileRef = DB97F8342A527BCF009C09A1 /* StandardNotificationAlertView.swift */; };
		DB97F8382A52B2F2009C09A1 /* StandardAlertController.swift in Sources */ = {isa = PBXBuildFile; fileRef = DB97F8372A52B2F2009C09A1 /* StandardAlertController.swift */; };
		DB97F83A2A52B2F7009C09A1 /* StandardAlertAction.swift in Sources */ = {isa = PBXBuildFile; fileRef = DB97F8392A52B2F7009C09A1 /* StandardAlertAction.swift */; };
		DB97F83C2A52B36E009C09A1 /* NotificationName+.swift in Sources */ = {isa = PBXBuildFile; fileRef = DB97F83B2A52B36E009C09A1 /* NotificationName+.swift */; };
		DB97F83E2A52C1E3009C09A1 /* PaddingLabel.swift in Sources */ = {isa = PBXBuildFile; fileRef = DB97F83D2A52C1E3009C09A1 /* PaddingLabel.swift */; };
		DB98D4E62A56E7970096D88F /* RxGesture in Frameworks */ = {isa = PBXBuildFile; productRef = DB98D4E52A56E7970096D88F /* RxGesture */; };
		DBB820B52A5D67CA0016CB63 /* RegistInfoUseCase.swift in Sources */ = {isa = PBXBuildFile; fileRef = DBB820B42A5D67CA0016CB63 /* RegistInfoUseCase.swift */; };
		DBB820B82A5E45940016CB63 /* FindPWViewController.swift in Sources */ = {isa = PBXBuildFile; fileRef = DBB820B72A5E45940016CB63 /* FindPWViewController.swift */; };
		DBB820BA2A5E47BA0016CB63 /* FindPWViewModel.swift in Sources */ = {isa = PBXBuildFile; fileRef = DBB820B92A5E47BA0016CB63 /* FindPWViewModel.swift */; };
		DBB820BC2A5E4D990016CB63 /* FindPWUseCase.swift in Sources */ = {isa = PBXBuildFile; fileRef = DBB820BB2A5E4D990016CB63 /* FindPWUseCase.swift */; };
		DBDBA30C2A64D2B700F1CDA5 /* RxKeyboard in Frameworks */ = {isa = PBXBuildFile; productRef = DBDBA30B2A64D2B700F1CDA5 /* RxKeyboard */; };
		DBDBA30E2A64EC8200F1CDA5 /* NickNameDTO.swift in Sources */ = {isa = PBXBuildFile; fileRef = DBDBA30D2A64EC8200F1CDA5 /* NickNameDTO.swift */; };
		DBDBA3112A65324C00F1CDA5 /* OAuthLoginDTO.swift in Sources */ = {isa = PBXBuildFile; fileRef = DBDBA3102A65324C00F1CDA5 /* OAuthLoginDTO.swift */; };
		DBF125DB2A5E7C14004DA4B9 /* VerificationNumberTextFieldView.swift in Sources */ = {isa = PBXBuildFile; fileRef = DBF125DA2A5E7C14004DA4B9 /* VerificationNumberTextFieldView.swift */; };
		DBF125DF2A5E7DED004DA4B9 /* ResetPasswordViewModel.swift in Sources */ = {isa = PBXBuildFile; fileRef = DBF125DE2A5E7DED004DA4B9 /* ResetPasswordViewModel.swift */; };
		DBF125E12A5E7DFD004DA4B9 /* ResetPasswordViewController.swift in Sources */ = {isa = PBXBuildFile; fileRef = DBF125E02A5E7DFD004DA4B9 /* ResetPasswordViewController.swift */; };
		DBF125E32A5E885D004DA4B9 /* PasswordUseCase.swift in Sources */ = {isa = PBXBuildFile; fileRef = DBF125E22A5E885C004DA4B9 /* PasswordUseCase.swift */; };
		DBF125E52A5E8DFB004DA4B9 /* NickNameTextFieldView.swift in Sources */ = {isa = PBXBuildFile; fileRef = DBF125E42A5E8DFB004DA4B9 /* NickNameTextFieldView.swift */; };
		DBF125E72A5E9EDD004DA4B9 /* ProfileSettingUseCase.swift in Sources */ = {isa = PBXBuildFile; fileRef = DBF125E62A5E9EDD004DA4B9 /* ProfileSettingUseCase.swift */; };
		DBFF25A02A5B991A00CF6DD4 /* OAuthLoginUseCase.swift in Sources */ = {isa = PBXBuildFile; fileRef = DBFF259F2A5B991A00CF6DD4 /* OAuthLoginUseCase.swift */; };
		DBFFD9EA2A47E2E20008C2B5 /* AppDelegate.swift in Sources */ = {isa = PBXBuildFile; fileRef = DBFFD9E92A47E2E20008C2B5 /* AppDelegate.swift */; };
		DBFFD9EC2A47E2E20008C2B5 /* SceneDelegate.swift in Sources */ = {isa = PBXBuildFile; fileRef = DBFFD9EB2A47E2E20008C2B5 /* SceneDelegate.swift */; };
		DBFFD9EE2A47E2E20008C2B5 /* OAuthLoginViewController.swift in Sources */ = {isa = PBXBuildFile; fileRef = DBFFD9ED2A47E2E20008C2B5 /* OAuthLoginViewController.swift */; };
		DBFFD9F32A47E2E40008C2B5 /* Assets.xcassets in Resources */ = {isa = PBXBuildFile; fileRef = DBFFD9F22A47E2E40008C2B5 /* Assets.xcassets */; };
		DBFFD9F62A47E2E40008C2B5 /* LaunchScreen.storyboard in Resources */ = {isa = PBXBuildFile; fileRef = DBFFD9F42A47E2E40008C2B5 /* LaunchScreen.storyboard */; };
		DBFFD9FF2A47E4650008C2B5 /* SnapKit in Frameworks */ = {isa = PBXBuildFile; productRef = DBFFD9FE2A47E4650008C2B5 /* SnapKit */; };
		DBFFDA022A47E4A50008C2B5 /* RxCocoa in Frameworks */ = {isa = PBXBuildFile; productRef = DBFFDA012A47E4A50008C2B5 /* RxCocoa */; };
		DBFFDA042A47E4A50008C2B5 /* RxRelay in Frameworks */ = {isa = PBXBuildFile; productRef = DBFFDA032A47E4A50008C2B5 /* RxRelay */; };
		DBFFDA062A47E4A50008C2B5 /* RxSwift in Frameworks */ = {isa = PBXBuildFile; productRef = DBFFDA052A47E4A50008C2B5 /* RxSwift */; };
		DBFFDA0B2A47E64C0008C2B5 /* Then in Frameworks */ = {isa = PBXBuildFile; productRef = DBFFDA0A2A47E64C0008C2B5 /* Then */; };
		DBFFDA0E2A47E6E60008C2B5 /* Alamofire in Frameworks */ = {isa = PBXBuildFile; productRef = DBFFDA0D2A47E6E60008C2B5 /* Alamofire */; };
		DBFFDA112A47E71C0008C2B5 /* Kingfisher in Frameworks */ = {isa = PBXBuildFile; productRef = DBFFDA102A47E71C0008C2B5 /* Kingfisher */; };
		DBFFDA142A47E8A70008C2B5 /* RxKakaoSDKAuth in Frameworks */ = {isa = PBXBuildFile; productRef = DBFFDA132A47E8A70008C2B5 /* RxKakaoSDKAuth */; };
		DBFFDA162A47E8A70008C2B5 /* RxKakaoSDKCommon in Frameworks */ = {isa = PBXBuildFile; productRef = DBFFDA152A47E8A70008C2B5 /* RxKakaoSDKCommon */; };
		DBFFDA182A47E8A70008C2B5 /* RxKakaoSDKShare in Frameworks */ = {isa = PBXBuildFile; productRef = DBFFDA172A47E8A70008C2B5 /* RxKakaoSDKShare */; };
		DBFFDA1A2A47E8A70008C2B5 /* RxKakaoSDKUser in Frameworks */ = {isa = PBXBuildFile; productRef = DBFFDA192A47E8A70008C2B5 /* RxKakaoSDKUser */; };
		DBFFDA292A47F1570008C2B5 /* UIColor+.swift in Sources */ = {isa = PBXBuildFile; fileRef = DBFFDA282A47F1570008C2B5 /* UIColor+.swift */; };
		DBFFDA2B2A47F1600008C2B5 /* UIFont+.swift in Sources */ = {isa = PBXBuildFile; fileRef = DBFFDA2A2A47F1600008C2B5 /* UIFont+.swift */; };
		DBFFDA302A4860330008C2B5 /* Pretendard-Medium.otf in Resources */ = {isa = PBXBuildFile; fileRef = DBFFDA2D2A4860330008C2B5 /* Pretendard-Medium.otf */; };
		DBFFDA312A4860330008C2B5 /* Pretendard-SemiBold.otf in Resources */ = {isa = PBXBuildFile; fileRef = DBFFDA2E2A4860330008C2B5 /* Pretendard-SemiBold.otf */; };
		DBFFDA322A4860330008C2B5 /* Pretendard-Regular.otf in Resources */ = {isa = PBXBuildFile; fileRef = DBFFDA2F2A4860330008C2B5 /* Pretendard-Regular.otf */; };
		DBFFDA352A492A4E0008C2B5 /* OAuthLoginViewModel.swift in Sources */ = {isa = PBXBuildFile; fileRef = DBFFDA342A492A4E0008C2B5 /* OAuthLoginViewModel.swift */; };
		DBFFDA392A497A460008C2B5 /* PhoneAuthViewController.swift in Sources */ = {isa = PBXBuildFile; fileRef = DBFFDA382A497A460008C2B5 /* PhoneAuthViewController.swift */; };
		DBFFDA3B2A4983F90008C2B5 /* BaseViewController.swift in Sources */ = {isa = PBXBuildFile; fileRef = DBFFDA3A2A4983F90008C2B5 /* BaseViewController.swift */; };
		DBFFDA3E2A4988200008C2B5 /* PhoneAuthViewModel.swift in Sources */ = {isa = PBXBuildFile; fileRef = DBFFDA3D2A4988200008C2B5 /* PhoneAuthViewModel.swift */; };
		DBFFDA422A499BC00008C2B5 /* StandardTextFieldView.swift in Sources */ = {isa = PBXBuildFile; fileRef = DBFFDA412A499BC00008C2B5 /* StandardTextFieldView.swift */; };
		DBFFDA442A49BD910008C2B5 /* StandardButton.swift in Sources */ = {isa = PBXBuildFile; fileRef = DBFFDA432A49BD910008C2B5 /* StandardButton.swift */; };
/* End PBXBuildFile section */

/* Begin PBXFileReference section */
		DB002BB02A67C273001B5672 /* HomeViewController.swift */ = {isa = PBXFileReference; lastKnownFileType = sourcecode.swift; path = HomeViewController.swift; sourceTree = "<group>"; };
		DB002BB32A67C332001B5672 /* CommunityViewController.swift */ = {isa = PBXFileReference; lastKnownFileType = sourcecode.swift; path = CommunityViewController.swift; sourceTree = "<group>"; };
		DB002BB72A67C36F001B5672 /* LookUpViewController.swift */ = {isa = PBXFileReference; lastKnownFileType = sourcecode.swift; path = LookUpViewController.swift; sourceTree = "<group>"; };
		DB002BBA2A67C3C7001B5672 /* MyPageViewController.swift */ = {isa = PBXFileReference; lastKnownFileType = sourcecode.swift; path = MyPageViewController.swift; sourceTree = "<group>"; };
		DB51D2522A4B36A5002415B0 /* AgreementView.swift */ = {isa = PBXFileReference; lastKnownFileType = sourcecode.swift; path = AgreementView.swift; sourceTree = "<group>"; };
		DB51D2542A4B3DC0002415B0 /* AgreementViewController.swift */ = {isa = PBXFileReference; lastKnownFileType = sourcecode.swift; path = AgreementViewController.swift; sourceTree = "<group>"; };
		DB51D2562A4BB8B5002415B0 /* AgreementViewModel.swift */ = {isa = PBXFileReference; lastKnownFileType = sourcecode.swift; path = AgreementViewModel.swift; sourceTree = "<group>"; };
		DB51D2582A4C2719002415B0 /* AgreementModel.swift */ = {isa = PBXFileReference; lastKnownFileType = sourcecode.swift; path = AgreementModel.swift; sourceTree = "<group>"; };
		DB51ECB92A68488C009F4690 /* FitHubSearchBar.swift */ = {isa = PBXFileReference; lastKnownFileType = sourcecode.swift; path = FitHubSearchBar.swift; sourceTree = "<group>"; usesTabs = 0; };
		DB51ECBC2A68E846009F4690 /* FitHubTopTabbar.swift */ = {isa = PBXFileReference; lastKnownFileType = sourcecode.swift; path = FitHubTopTabbar.swift; sourceTree = "<group>"; };
		DB51ECBF2A692EFC009F4690 /* TopTabbarItem.swift */ = {isa = PBXFileReference; lastKnownFileType = sourcecode.swift; path = TopTabbarItem.swift; sourceTree = "<group>"; };
		DB55B6C22A6B9B55006FEA7F /* BaseResponse.swift */ = {isa = PBXFileReference; lastKnownFileType = sourcecode.swift; path = BaseResponse.swift; sourceTree = "<group>"; };
		DB55B6C42A6BAF38006FEA7F /* PhoneNumLoginDTO.swift */ = {isa = PBXFileReference; lastKnownFileType = sourcecode.swift; path = PhoneNumLoginDTO.swift; sourceTree = "<group>"; };
		DB55B6C82A6BB28A006FEA7F /* PhoneNumLoginUseCase.swift */ = {isa = PBXFileReference; lastKnownFileType = sourcecode.swift; path = PhoneNumLoginUseCase.swift; sourceTree = "<group>"; };
		DB55B6D22A6C0855006FEA7F /* PhoneVerificationUseCase.swift */ = {isa = PBXFileReference; lastKnownFileType = sourcecode.swift; path = PhoneVerificationUseCase.swift; sourceTree = "<group>"; };
		DB55B6D52A6C2339006FEA7F /* PhoneAuthNumberDTO.swift */ = {isa = PBXFileReference; lastKnownFileType = sourcecode.swift; path = PhoneAuthNumberDTO.swift; sourceTree = "<group>"; };
		DB57122A2A71F29600DCAD9C /* ChangePasswordDTO.swift */ = {isa = PBXFileReference; lastKnownFileType = sourcecode.swift; path = ChangePasswordDTO.swift; sourceTree = "<group>"; };
		DB57122C2A72059300DCAD9C /* ResetPasswordUseCase.swift */ = {isa = PBXFileReference; lastKnownFileType = sourcecode.swift; path = ResetPasswordUseCase.swift; sourceTree = "<group>"; };
		DB57122E2A7205DA00DCAD9C /* ResetPasswordRepository.swift */ = {isa = PBXFileReference; lastKnownFileType = sourcecode.swift; path = ResetPasswordRepository.swift; sourceTree = "<group>"; };
		DB5712322A7235D200DCAD9C /* KeychainManager.swift */ = {isa = PBXFileReference; lastKnownFileType = sourcecode.swift; path = KeychainManager.swift; sourceTree = "<group>"; };
		DB5712342A723C1500DCAD9C /* AuthManager.swift */ = {isa = PBXFileReference; lastKnownFileType = sourcecode.swift; path = AuthManager.swift; sourceTree = "<group>"; };
		DB5712372A724D7B00DCAD9C /* OAuthRegistInputViewController.swift */ = {isa = PBXFileReference; lastKnownFileType = sourcecode.swift; path = OAuthRegistInputViewController.swift; sourceTree = "<group>"; };
		DB5712392A72590B00DCAD9C /* OAuthRegistInputViewModel.swift */ = {isa = PBXFileReference; lastKnownFileType = sourcecode.swift; path = OAuthRegistInputViewModel.swift; sourceTree = "<group>"; };
		DB57123B2A7259B700DCAD9C /* OAuthRegistInputUseCase.swift */ = {isa = PBXFileReference; lastKnownFileType = sourcecode.swift; path = OAuthRegistInputUseCase.swift; sourceTree = "<group>"; };
		DB57123D2A72651500DCAD9C /* RegistType.swift */ = {isa = PBXFileReference; lastKnownFileType = sourcecode.swift; path = RegistType.swift; sourceTree = "<group>"; };
		DB5D222F2A546AB400B32485 /* PhoneVerificationViewModel.swift */ = {isa = PBXFileReference; lastKnownFileType = sourcecode.swift; path = PhoneVerificationViewModel.swift; sourceTree = "<group>"; };
		DB5D22312A5470A800B32485 /* PasswordSettingViewModel.swift */ = {isa = PBXFileReference; lastKnownFileType = sourcecode.swift; path = PasswordSettingViewModel.swift; sourceTree = "<group>"; };
		DB5F84BE2A5CF72100E16C14 /* AppInfo.xcconfig */ = {isa = PBXFileReference; lastKnownFileType = text.xcconfig; path = AppInfo.xcconfig; sourceTree = "<group>"; };
		DB668AF32A4EECB300D702A1 /* UIViewController+.swift */ = {isa = PBXFileReference; lastKnownFileType = sourcecode.swift; path = "UIViewController+.swift"; sourceTree = "<group>"; };
		DB668AF62A4F041100D702A1 /* ViewModelType.swift */ = {isa = PBXFileReference; lastKnownFileType = sourcecode.swift; path = ViewModelType.swift; sourceTree = "<group>"; };
		DB668AF82A4F06D000D702A1 /* AuthUserInfo.swift */ = {isa = PBXFileReference; lastKnownFileType = sourcecode.swift; path = AuthUserInfo.swift; sourceTree = "<group>"; };
		DB668AFB2A50017700D702A1 /* UserInfoStatus.swift */ = {isa = PBXFileReference; lastKnownFileType = sourcecode.swift; path = UserInfoStatus.swift; sourceTree = "<group>"; };
		DB6CC3EC2A7016E700C4C2BC /* SportsSelectingUseCase.swift */ = {isa = PBXFileReference; lastKnownFileType = sourcecode.swift; path = SportsSelectingUseCase.swift; sourceTree = "<group>"; };
		DB6CC3F02A70BF5600C4C2BC /* SportsSelectingRepository.swift */ = {isa = PBXFileReference; lastKnownFileType = sourcecode.swift; path = SportsSelectingRepository.swift; sourceTree = "<group>"; };
		DB6CC3F22A70E59700C4C2BC /* RegistResponseDTO.swift */ = {isa = PBXFileReference; lastKnownFileType = sourcecode.swift; path = RegistResponseDTO.swift; sourceTree = "<group>"; };
		DB6D93CE2A4D596D0011F9BC /* TelecomProviderType.swift */ = {isa = PBXFileReference; lastKnownFileType = sourcecode.swift; path = TelecomProviderType.swift; sourceTree = "<group>"; };
		DB6D93D02A4D5D2F0011F9BC /* SimpleLabelCell.swift */ = {isa = PBXFileReference; lastKnownFileType = sourcecode.swift; path = SimpleLabelCell.swift; sourceTree = "<group>"; };
		DB6D93D32A4D61D60011F9BC /* TelecomProviderSelectorViewController.swift */ = {isa = PBXFileReference; lastKnownFileType = sourcecode.swift; path = TelecomProviderSelectorViewController.swift; sourceTree = "<group>"; };
		DB6D93D62A4D62920011F9BC /* RegistInfoViewModel.swift */ = {isa = PBXFileReference; lastKnownFileType = sourcecode.swift; path = RegistInfoViewModel.swift; sourceTree = "<group>"; };
		DB6D93DA2A4DCC650011F9BC /* DateOfBirthTextFieldView.swift */ = {isa = PBXFileReference; lastKnownFileType = sourcecode.swift; path = DateOfBirthTextFieldView.swift; sourceTree = "<group>"; };
		DB6D93DD2A4E7E340011F9BC /* RegistInfoInputViewController.swift */ = {isa = PBXFileReference; lastKnownFileType = sourcecode.swift; path = RegistInfoInputViewController.swift; sourceTree = "<group>"; };
		DB6D93E12A4EC8C10011F9BC /* PhoneVerificationViewController.swift */ = {isa = PBXFileReference; lastKnownFileType = sourcecode.swift; path = PhoneVerificationViewController.swift; sourceTree = "<group>"; };
		DB6D93E32A4EDCE20011F9BC /* PasswordSettingViewController.swift */ = {isa = PBXFileReference; lastKnownFileType = sourcecode.swift; path = PasswordSettingViewController.swift; sourceTree = "<group>"; };
		DB71348C2A5BDBF90006EAAB /* AuthService.swift */ = {isa = PBXFileReference; lastKnownFileType = sourcecode.swift; path = AuthService.swift; sourceTree = "<group>"; };
		DB7134902A5BF46C0006EAAB /* AuthError.swift */ = {isa = PBXFileReference; lastKnownFileType = sourcecode.swift; path = AuthError.swift; sourceTree = "<group>"; };
		DB746F722A71308400FBA8D4 /* RegistCompletionViewController.swift */ = {isa = PBXFileReference; lastKnownFileType = sourcecode.swift; path = RegistCompletionViewController.swift; sourceTree = "<group>"; };
		DB7559DE2A548BC000B88B96 /* ProfileSettingViewController.swift */ = {isa = PBXFileReference; lastKnownFileType = sourcecode.swift; path = ProfileSettingViewController.swift; sourceTree = "<group>"; };
		DB7559E02A548C6800B88B96 /* ProfileSettingViewModel.swift */ = {isa = PBXFileReference; lastKnownFileType = sourcecode.swift; path = ProfileSettingViewModel.swift; sourceTree = "<group>"; };
		DB7559E22A55030400B88B96 /* SportsSelectingViewController.swift */ = {isa = PBXFileReference; lastKnownFileType = sourcecode.swift; path = SportsSelectingViewController.swift; sourceTree = "<group>"; };
		DB7559E42A55035800B88B96 /* SportsSelectingViewModel.swift */ = {isa = PBXFileReference; lastKnownFileType = sourcecode.swift; path = SportsSelectingViewModel.swift; sourceTree = "<group>"; };
		DB7559E62A55062C00B88B96 /* SportsCell.swift */ = {isa = PBXFileReference; lastKnownFileType = sourcecode.swift; path = SportsCell.swift; sourceTree = "<group>"; };
		DB8CD6FE2A6D0B7C004735C8 /* ProfileSettingRepository.swift */ = {isa = PBXFileReference; lastKnownFileType = sourcecode.swift; path = ProfileSettingRepository.swift; sourceTree = "<group>"; };
		DB8CD7002A6D0BFE004735C8 /* PhoneVerificationRepository.swift */ = {isa = PBXFileReference; lastKnownFileType = sourcecode.swift; path = PhoneVerificationRepository.swift; sourceTree = "<group>"; };
		DB8CD7052A6D0CF2004735C8 /* PhoneNumLoginRepository.swift */ = {isa = PBXFileReference; lastKnownFileType = sourcecode.swift; path = PhoneNumLoginRepository.swift; sourceTree = "<group>"; };
		DB8CD7072A6D0D38004735C8 /* OAuthLoginRepository.swift */ = {isa = PBXFileReference; lastKnownFileType = sourcecode.swift; path = OAuthLoginRepository.swift; sourceTree = "<group>"; };
		DB8CD70A2A6D0E07004735C8 /* FindPWRepository.swift */ = {isa = PBXFileReference; lastKnownFileType = sourcecode.swift; path = FindPWRepository.swift; sourceTree = "<group>"; };
		DB8CD70C2A6D14C5004735C8 /* CategoryCell.swift */ = {isa = PBXFileReference; lastKnownFileType = sourcecode.swift; path = CategoryCell.swift; sourceTree = "<group>"; };
		DB8CD7122A6D2855004735C8 /* SortSwitchView.swift */ = {isa = PBXFileReference; lastKnownFileType = sourcecode.swift; path = SortSwitchView.swift; sourceTree = "<group>"; };
		DB8CD7142A6D2C9F004735C8 /* CertificationCell.swift */ = {isa = PBXFileReference; lastKnownFileType = sourcecode.swift; path = CertificationCell.swift; sourceTree = "<group>"; };
		DB8CD7162A6D3995004735C8 /* CreateActionSheet.swift */ = {isa = PBXFileReference; lastKnownFileType = sourcecode.swift; path = CreateActionSheet.swift; sourceTree = "<group>"; };
		DB8CD7182A6E0B7D004735C8 /* CommunityViewModel.swift */ = {isa = PBXFileReference; lastKnownFileType = sourcecode.swift; path = CommunityViewModel.swift; sourceTree = "<group>"; };
		DB8CD71A2A6E0C93004735C8 /* CategoryDTO.swift */ = {isa = PBXFileReference; lastKnownFileType = sourcecode.swift; path = CategoryDTO.swift; sourceTree = "<group>"; };
		DB8CD71E2A6E164A004735C8 /* CommunityUseCase.swift */ = {isa = PBXFileReference; lastKnownFileType = sourcecode.swift; path = CommunityUseCase.swift; sourceTree = "<group>"; };
		DB8CD7212A6E16FA004735C8 /* CommunityRepository.swift */ = {isa = PBXFileReference; lastKnownFileType = sourcecode.swift; path = CommunityRepository.swift; sourceTree = "<group>"; };
		DB8CD7242A6E58A1004735C8 /* CommunityType.swift */ = {isa = PBXFileReference; lastKnownFileType = sourcecode.swift; path = CommunityType.swift; sourceTree = "<group>"; };
		DB8CD7262A6E5A27004735C8 /* OrderType.swift */ = {isa = PBXFileReference; lastKnownFileType = sourcecode.swift; path = OrderType.swift; sourceTree = "<group>"; };
		DB8CD7282A6E72C0004735C8 /* AgreementUseCase.swift */ = {isa = PBXFileReference; lastKnownFileType = sourcecode.swift; path = AgreementUseCase.swift; sourceTree = "<group>"; };
		DB97F8342A527BCF009C09A1 /* StandardNotificationAlertView.swift */ = {isa = PBXFileReference; lastKnownFileType = sourcecode.swift; path = StandardNotificationAlertView.swift; sourceTree = "<group>"; };
		DB97F8372A52B2F2009C09A1 /* StandardAlertController.swift */ = {isa = PBXFileReference; fileEncoding = 4; lastKnownFileType = sourcecode.swift; path = StandardAlertController.swift; sourceTree = "<group>"; };
		DB97F8392A52B2F7009C09A1 /* StandardAlertAction.swift */ = {isa = PBXFileReference; fileEncoding = 4; lastKnownFileType = sourcecode.swift; path = StandardAlertAction.swift; sourceTree = "<group>"; };
		DB97F83B2A52B36E009C09A1 /* NotificationName+.swift */ = {isa = PBXFileReference; lastKnownFileType = sourcecode.swift; path = "NotificationName+.swift"; sourceTree = "<group>"; };
		DB97F83D2A52C1E3009C09A1 /* PaddingLabel.swift */ = {isa = PBXFileReference; fileEncoding = 4; lastKnownFileType = sourcecode.swift; path = PaddingLabel.swift; sourceTree = "<group>"; };
		DBB820B42A5D67CA0016CB63 /* RegistInfoUseCase.swift */ = {isa = PBXFileReference; lastKnownFileType = sourcecode.swift; path = RegistInfoUseCase.swift; sourceTree = "<group>"; };
		DBB820B72A5E45940016CB63 /* FindPWViewController.swift */ = {isa = PBXFileReference; lastKnownFileType = sourcecode.swift; path = FindPWViewController.swift; sourceTree = "<group>"; };
		DBB820B92A5E47BA0016CB63 /* FindPWViewModel.swift */ = {isa = PBXFileReference; lastKnownFileType = sourcecode.swift; path = FindPWViewModel.swift; sourceTree = "<group>"; };
		DBB820BB2A5E4D990016CB63 /* FindPWUseCase.swift */ = {isa = PBXFileReference; lastKnownFileType = sourcecode.swift; path = FindPWUseCase.swift; sourceTree = "<group>"; };
		DBD8526B2A5C4BB400588BF4 /* FitHub.entitlements */ = {isa = PBXFileReference; lastKnownFileType = text.plist.entitlements; path = FitHub.entitlements; sourceTree = "<group>"; };
		DBDBA30D2A64EC8200F1CDA5 /* NickNameDTO.swift */ = {isa = PBXFileReference; lastKnownFileType = sourcecode.swift; path = NickNameDTO.swift; sourceTree = "<group>"; };
		DBDBA3102A65324C00F1CDA5 /* OAuthLoginDTO.swift */ = {isa = PBXFileReference; lastKnownFileType = sourcecode.swift; path = OAuthLoginDTO.swift; sourceTree = "<group>"; };
		DBF125DA2A5E7C14004DA4B9 /* VerificationNumberTextFieldView.swift */ = {isa = PBXFileReference; lastKnownFileType = sourcecode.swift; path = VerificationNumberTextFieldView.swift; sourceTree = "<group>"; };
		DBF125DE2A5E7DED004DA4B9 /* ResetPasswordViewModel.swift */ = {isa = PBXFileReference; lastKnownFileType = sourcecode.swift; path = ResetPasswordViewModel.swift; sourceTree = "<group>"; };
		DBF125E02A5E7DFD004DA4B9 /* ResetPasswordViewController.swift */ = {isa = PBXFileReference; lastKnownFileType = sourcecode.swift; path = ResetPasswordViewController.swift; sourceTree = "<group>"; };
		DBF125E22A5E885C004DA4B9 /* PasswordUseCase.swift */ = {isa = PBXFileReference; lastKnownFileType = sourcecode.swift; path = PasswordUseCase.swift; sourceTree = "<group>"; };
		DBF125E42A5E8DFB004DA4B9 /* NickNameTextFieldView.swift */ = {isa = PBXFileReference; lastKnownFileType = sourcecode.swift; path = NickNameTextFieldView.swift; sourceTree = "<group>"; };
		DBF125E62A5E9EDD004DA4B9 /* ProfileSettingUseCase.swift */ = {isa = PBXFileReference; lastKnownFileType = sourcecode.swift; path = ProfileSettingUseCase.swift; sourceTree = "<group>"; };
		DBFF259F2A5B991A00CF6DD4 /* OAuthLoginUseCase.swift */ = {isa = PBXFileReference; lastKnownFileType = sourcecode.swift; path = OAuthLoginUseCase.swift; sourceTree = "<group>"; };
		DBFFD9E62A47E2E20008C2B5 /* FitHub.app */ = {isa = PBXFileReference; explicitFileType = wrapper.application; includeInIndex = 0; path = FitHub.app; sourceTree = BUILT_PRODUCTS_DIR; };
		DBFFD9E92A47E2E20008C2B5 /* AppDelegate.swift */ = {isa = PBXFileReference; lastKnownFileType = sourcecode.swift; path = AppDelegate.swift; sourceTree = "<group>"; };
		DBFFD9EB2A47E2E20008C2B5 /* SceneDelegate.swift */ = {isa = PBXFileReference; lastKnownFileType = sourcecode.swift; path = SceneDelegate.swift; sourceTree = "<group>"; };
		DBFFD9ED2A47E2E20008C2B5 /* OAuthLoginViewController.swift */ = {isa = PBXFileReference; lastKnownFileType = sourcecode.swift; path = OAuthLoginViewController.swift; sourceTree = "<group>"; };
		DBFFD9F22A47E2E40008C2B5 /* Assets.xcassets */ = {isa = PBXFileReference; lastKnownFileType = folder.assetcatalog; path = Assets.xcassets; sourceTree = "<group>"; };
		DBFFD9F52A47E2E40008C2B5 /* Base */ = {isa = PBXFileReference; lastKnownFileType = file.storyboard; name = Base; path = Base.lproj/LaunchScreen.storyboard; sourceTree = "<group>"; };
		DBFFD9F72A47E2E40008C2B5 /* Info.plist */ = {isa = PBXFileReference; lastKnownFileType = text.plist.xml; path = Info.plist; sourceTree = "<group>"; };
		DBFFDA282A47F1570008C2B5 /* UIColor+.swift */ = {isa = PBXFileReference; lastKnownFileType = sourcecode.swift; path = "UIColor+.swift"; sourceTree = "<group>"; };
		DBFFDA2A2A47F1600008C2B5 /* UIFont+.swift */ = {isa = PBXFileReference; lastKnownFileType = sourcecode.swift; path = "UIFont+.swift"; sourceTree = "<group>"; };
		DBFFDA2D2A4860330008C2B5 /* Pretendard-Medium.otf */ = {isa = PBXFileReference; lastKnownFileType = file; path = "Pretendard-Medium.otf"; sourceTree = "<group>"; };
		DBFFDA2E2A4860330008C2B5 /* Pretendard-SemiBold.otf */ = {isa = PBXFileReference; lastKnownFileType = file; path = "Pretendard-SemiBold.otf"; sourceTree = "<group>"; };
		DBFFDA2F2A4860330008C2B5 /* Pretendard-Regular.otf */ = {isa = PBXFileReference; lastKnownFileType = file; path = "Pretendard-Regular.otf"; sourceTree = "<group>"; };
		DBFFDA342A492A4E0008C2B5 /* OAuthLoginViewModel.swift */ = {isa = PBXFileReference; lastKnownFileType = sourcecode.swift; path = OAuthLoginViewModel.swift; sourceTree = "<group>"; };
		DBFFDA382A497A460008C2B5 /* PhoneAuthViewController.swift */ = {isa = PBXFileReference; lastKnownFileType = sourcecode.swift; path = PhoneAuthViewController.swift; sourceTree = "<group>"; };
		DBFFDA3A2A4983F90008C2B5 /* BaseViewController.swift */ = {isa = PBXFileReference; lastKnownFileType = sourcecode.swift; path = BaseViewController.swift; sourceTree = "<group>"; };
		DBFFDA3D2A4988200008C2B5 /* PhoneAuthViewModel.swift */ = {isa = PBXFileReference; lastKnownFileType = sourcecode.swift; path = PhoneAuthViewModel.swift; sourceTree = "<group>"; };
		DBFFDA412A499BC00008C2B5 /* StandardTextFieldView.swift */ = {isa = PBXFileReference; lastKnownFileType = sourcecode.swift; path = StandardTextFieldView.swift; sourceTree = "<group>"; };
		DBFFDA432A49BD910008C2B5 /* StandardButton.swift */ = {isa = PBXFileReference; lastKnownFileType = sourcecode.swift; path = StandardButton.swift; sourceTree = "<group>"; };
/* End PBXFileReference section */

/* Begin PBXFrameworksBuildPhase section */
		DBFFD9E32A47E2E20008C2B5 /* Frameworks */ = {
			isa = PBXFrameworksBuildPhase;
			buildActionMask = 2147483647;
			files = (
				DBFFDA1A2A47E8A70008C2B5 /* RxKakaoSDKUser in Frameworks */,
				DBFFDA0E2A47E6E60008C2B5 /* Alamofire in Frameworks */,
				DBFFDA0B2A47E64C0008C2B5 /* Then in Frameworks */,
				DBDBA30C2A64D2B700F1CDA5 /* RxKeyboard in Frameworks */,
				DBFFDA182A47E8A70008C2B5 /* RxKakaoSDKShare in Frameworks */,
				DBFFDA042A47E4A50008C2B5 /* RxRelay in Frameworks */,
				DBFFDA112A47E71C0008C2B5 /* Kingfisher in Frameworks */,
				DBFFDA022A47E4A50008C2B5 /* RxCocoa in Frameworks */,
				DBFFDA162A47E8A70008C2B5 /* RxKakaoSDKCommon in Frameworks */,
				DBFFDA142A47E8A70008C2B5 /* RxKakaoSDKAuth in Frameworks */,
				DBFFDA062A47E4A50008C2B5 /* RxSwift in Frameworks */,
				DB8CD7102A6D2385004735C8 /* RxDataSources in Frameworks */,
				DB98D4E62A56E7970096D88F /* RxGesture in Frameworks */,
				DBFFD9FF2A47E4650008C2B5 /* SnapKit in Frameworks */,
			);
			runOnlyForDeploymentPostprocessing = 0;
		};
/* End PBXFrameworksBuildPhase section */

/* Begin PBXGroup section */
		DB002BAF2A67C262001B5672 /* Home */ = {
			isa = PBXGroup;
			children = (
				DB002BB02A67C273001B5672 /* HomeViewController.swift */,
			);
			path = Home;
			sourceTree = "<group>";
		};
		DB002BB22A67C2D5001B5672 /* Community */ = {
			isa = PBXGroup;
			children = (
				DB51ECBB2A68E838009F4690 /* View */,
				DB002BB32A67C332001B5672 /* CommunityViewController.swift */,
				DB8CD7182A6E0B7D004735C8 /* CommunityViewModel.swift */,
			);
			path = Community;
			sourceTree = "<group>";
		};
		DB002BB52A67C350001B5672 /* LookUp */ = {
			isa = PBXGroup;
			children = (
				DB002BB72A67C36F001B5672 /* LookUpViewController.swift */,
			);
			path = LookUp;
			sourceTree = "<group>";
		};
		DB002BB92A67C3BA001B5672 /* MyPage */ = {
			isa = PBXGroup;
			children = (
				DB002BBA2A67C3C7001B5672 /* MyPageViewController.swift */,
			);
			path = MyPage;
			sourceTree = "<group>";
		};
		DB51ECBB2A68E838009F4690 /* View */ = {
			isa = PBXGroup;
			children = (
				DB8CD7112A6D2829004735C8 /* Cell */,
				DB51ECBE2A692270009F4690 /* TopTabBar */,
				DB8CD7122A6D2855004735C8 /* SortSwitchView.swift */,
				DB8CD7162A6D3995004735C8 /* CreateActionSheet.swift */,
			);
			path = View;
			sourceTree = "<group>";
		};
		DB51ECBE2A692270009F4690 /* TopTabBar */ = {
			isa = PBXGroup;
			children = (
				DB51ECBC2A68E846009F4690 /* FitHubTopTabbar.swift */,
				DB51ECBF2A692EFC009F4690 /* TopTabbarItem.swift */,
			);
			path = TopTabBar;
			sourceTree = "<group>";
		};
		DB55B6CA2A6BB297006FEA7F /* SignIn */ = {
			isa = PBXGroup;
			children = (
				DB55B6C82A6BB28A006FEA7F /* PhoneNumLoginUseCase.swift */,
				DBFF259F2A5B991A00CF6DD4 /* OAuthLoginUseCase.swift */,
			);
			path = SignIn;
			sourceTree = "<group>";
		};
		DB55B6D42A6C08A7006FEA7F /* SignUp */ = {
			isa = PBXGroup;
			children = (
				DBF125E62A5E9EDD004DA4B9 /* ProfileSettingUseCase.swift */,
				DB55B6D22A6C0855006FEA7F /* PhoneVerificationUseCase.swift */,
				DBF125E22A5E885C004DA4B9 /* PasswordUseCase.swift */,
				DBB820B42A5D67CA0016CB63 /* RegistInfoUseCase.swift */,
				DB8CD7282A6E72C0004735C8 /* AgreementUseCase.swift */,
				DB6CC3EC2A7016E700C4C2BC /* SportsSelectingUseCase.swift */,
				DB57123B2A7259B700DCAD9C /* OAuthRegistInputUseCase.swift */,
			);
			path = SignUp;
			sourceTree = "<group>";
		};
		DB5712272A71F21200DCAD9C /* SignUp */ = {
			isa = PBXGroup;
			children = (
				DB55B6D52A6C2339006FEA7F /* PhoneAuthNumberDTO.swift */,
				DB6CC3F22A70E59700C4C2BC /* RegistResponseDTO.swift */,
			);
			path = SignUp;
			sourceTree = "<group>";
		};
		DB5712282A71F23600DCAD9C /* SignIn */ = {
			isa = PBXGroup;
			children = (
				DBDBA3102A65324C00F1CDA5 /* OAuthLoginDTO.swift */,
				DB55B6C42A6BAF38006FEA7F /* PhoneNumLoginDTO.swift */,
			);
			path = SignIn;
			sourceTree = "<group>";
		};
		DB5712292A71F26900DCAD9C /* FindPW */ = {
			isa = PBXGroup;
			children = (
				DB57122A2A71F29600DCAD9C /* ChangePasswordDTO.swift */,
			);
			path = FindPW;
			sourceTree = "<group>";
		};
		DB5712302A72355E00DCAD9C /* Error */ = {
			isa = PBXGroup;
			children = (
				DB7134902A5BF46C0006EAAB /* AuthError.swift */,
			);
			path = Error;
			sourceTree = "<group>";
		};
		DB5712312A72359700DCAD9C /* Service */ = {
			isa = PBXGroup;
			children = (
				DB5712322A7235D200DCAD9C /* KeychainManager.swift */,
				DB5712342A723C1500DCAD9C /* AuthManager.swift */,
			);
			path = Service;
			sourceTree = "<group>";
		};
		DB5712362A724D5900DCAD9C /* OAuthRegistInput */ = {
			isa = PBXGroup;
			children = (
				DB5712372A724D7B00DCAD9C /* OAuthRegistInputViewController.swift */,
				DB5712392A72590B00DCAD9C /* OAuthRegistInputViewModel.swift */,
			);
			path = OAuthRegistInput;
			sourceTree = "<group>";
		};
		DB668AF52A4F040300D702A1 /* Protocols */ = {
			isa = PBXGroup;
			children = (
				DB668AF62A4F041100D702A1 /* ViewModelType.swift */,
			);
			path = Protocols;
			sourceTree = "<group>";
		};
		DB668AFA2A50016400D702A1 /* Enums */ = {
			isa = PBXGroup;
			children = (
				DB8CD7232A6E5893004735C8 /* Community */,
				DB6D93CE2A4D596D0011F9BC /* TelecomProviderType.swift */,
				DB668AFB2A50017700D702A1 /* UserInfoStatus.swift */,
				DB57123D2A72651500DCAD9C /* RegistType.swift */,
			);
			path = Enums;
			sourceTree = "<group>";
		};
		DB6D93DC2A4E76E90011F9BC /* TextField */ = {
			isa = PBXGroup;
			children = (
				DBFFDA412A499BC00008C2B5 /* StandardTextFieldView.swift */,
				DBF125DA2A5E7C14004DA4B9 /* VerificationNumberTextFieldView.swift */,
				DB6D93DA2A4DCC650011F9BC /* DateOfBirthTextFieldView.swift */,
				DBF125E42A5E8DFB004DA4B9 /* NickNameTextFieldView.swift */,
			);
			path = TextField;
			sourceTree = "<group>";
		};
		DB746F712A71306F00FBA8D4 /* RegistCompletion */ = {
			isa = PBXGroup;
			children = (
				DB746F722A71308400FBA8D4 /* RegistCompletionViewController.swift */,
			);
			path = RegistCompletion;
			sourceTree = "<group>";
		};
		DB8CD6FC2A6D0B5C004735C8 /* Auth */ = {
			isa = PBXGroup;
			children = (
				DB8CD7092A6D0DF7004735C8 /* FindPW */,
				DB8CD7022A6D0C43004735C8 /* SignIn */,
				DB8CD6FD2A6D0B66004735C8 /* SignUp */,
			);
			path = Auth;
			sourceTree = "<group>";
		};
		DB8CD6FD2A6D0B66004735C8 /* SignUp */ = {
			isa = PBXGroup;
			children = (
				DB8CD6FE2A6D0B7C004735C8 /* ProfileSettingRepository.swift */,
				DB8CD7002A6D0BFE004735C8 /* PhoneVerificationRepository.swift */,
				DB6CC3F02A70BF5600C4C2BC /* SportsSelectingRepository.swift */,
			);
			path = SignUp;
			sourceTree = "<group>";
		};
		DB8CD7022A6D0C43004735C8 /* SignIn */ = {
			isa = PBXGroup;
			children = (
				DB8CD7052A6D0CF2004735C8 /* PhoneNumLoginRepository.swift */,
				DB8CD7072A6D0D38004735C8 /* OAuthLoginRepository.swift */,
			);
			path = SignIn;
			sourceTree = "<group>";
		};
		DB8CD7092A6D0DF7004735C8 /* FindPW */ = {
			isa = PBXGroup;
			children = (
				DB8CD70A2A6D0E07004735C8 /* FindPWRepository.swift */,
				DB57122E2A7205DA00DCAD9C /* ResetPasswordRepository.swift */,
			);
			path = FindPW;
			sourceTree = "<group>";
		};
		DB8CD7112A6D2829004735C8 /* Cell */ = {
			isa = PBXGroup;
			children = (
				DB8CD70C2A6D14C5004735C8 /* CategoryCell.swift */,
				DB8CD7142A6D2C9F004735C8 /* CertificationCell.swift */,
			);
			path = Cell;
			sourceTree = "<group>";
		};
		DB8CD71C2A6E1632004735C8 /* FindPW */ = {
			isa = PBXGroup;
			children = (
				DBB820BB2A5E4D990016CB63 /* FindPWUseCase.swift */,
				DB57122C2A72059300DCAD9C /* ResetPasswordUseCase.swift */,
			);
			path = FindPW;
			sourceTree = "<group>";
		};
		DB8CD71D2A6E163C004735C8 /* Community */ = {
			isa = PBXGroup;
			children = (
				DB8CD71E2A6E164A004735C8 /* CommunityUseCase.swift */,
			);
			path = Community;
			sourceTree = "<group>";
		};
		DB8CD7202A6E16EA004735C8 /* Community */ = {
			isa = PBXGroup;
			children = (
				DB8CD7212A6E16FA004735C8 /* CommunityRepository.swift */,
			);
			path = Community;
			sourceTree = "<group>";
		};
		DB8CD7232A6E5893004735C8 /* Community */ = {
			isa = PBXGroup;
			children = (
				DB8CD7242A6E58A1004735C8 /* CommunityType.swift */,
				DB8CD7262A6E5A27004735C8 /* OrderType.swift */,
			);
			path = Community;
			sourceTree = "<group>";
		};
		DB97F8332A527B9F009C09A1 /* Alert */ = {
			isa = PBXGroup;
			children = (
				DB97F8372A52B2F2009C09A1 /* StandardAlertController.swift */,
				DB97F8392A52B2F7009C09A1 /* StandardAlertAction.swift */,
				DB97F8342A527BCF009C09A1 /* StandardNotificationAlertView.swift */,
			);
			path = Alert;
			sourceTree = "<group>";
		};
		DBB820B62A5E455B0016CB63 /* FindPW */ = {
			isa = PBXGroup;
			children = (
				DBF125DD2A5E7DAC004DA4B9 /* ResetPassword */,
				DBF125DC2A5E7D95004DA4B9 /* InputPhoneNumber */,
			);
			path = FindPW;
			sourceTree = "<group>";
		};
		DBDBA30F2A65323D00F1CDA5 /* Auth */ = {
			isa = PBXGroup;
			children = (
				DB5712292A71F26900DCAD9C /* FindPW */,
				DB5712282A71F23600DCAD9C /* SignIn */,
				DB5712272A71F21200DCAD9C /* SignUp */,
				DBDBA30D2A64EC8200F1CDA5 /* NickNameDTO.swift */,
				DB8CD71A2A6E0C93004735C8 /* CategoryDTO.swift */,
			);
			path = Auth;
			sourceTree = "<group>";
		};
		DBF125DC2A5E7D95004DA4B9 /* InputPhoneNumber */ = {
			isa = PBXGroup;
			children = (
				DBB820B72A5E45940016CB63 /* FindPWViewController.swift */,
				DBB820B92A5E47BA0016CB63 /* FindPWViewModel.swift */,
			);
			path = InputPhoneNumber;
			sourceTree = "<group>";
		};
		DBF125DD2A5E7DAC004DA4B9 /* ResetPassword */ = {
			isa = PBXGroup;
			children = (
				DBF125DE2A5E7DED004DA4B9 /* ResetPasswordViewModel.swift */,
				DBF125E02A5E7DFD004DA4B9 /* ResetPasswordViewController.swift */,
			);
			path = ResetPassword;
			sourceTree = "<group>";
		};
		DBF125EA2A5EA0DA004DA4B9 /* DTO */ = {
			isa = PBXGroup;
			children = (
				DBDBA30F2A65323D00F1CDA5 /* Auth */,
				DB55B6C22A6B9B55006FEA7F /* BaseResponse.swift */,
			);
			path = DTO;
			sourceTree = "<group>";
		};
		DBF125EB2A5EB5E9004DA4B9 /* Repository */ = {
			isa = PBXGroup;
			children = (
				DB8CD7202A6E16EA004735C8 /* Community */,
				DB8CD6FC2A6D0B5C004735C8 /* Auth */,
			);
			path = Repository;
			sourceTree = "<group>";
		};
		DBF125EE2A600B04004DA4B9 /* Auth */ = {
			isa = PBXGroup;
			children = (
				DB8CD71C2A6E1632004735C8 /* FindPW */,
				DB55B6D42A6C08A7006FEA7F /* SignUp */,
				DB55B6CA2A6BB297006FEA7F /* SignIn */,
			);
			path = Auth;
			sourceTree = "<group>";
		};
		DBFF258B2A5B925E00CF6DD4 /* Presenters */ = {
			isa = PBXGroup;
			children = (
				DB002BB92A67C3BA001B5672 /* MyPage */,
				DB002BB52A67C350001B5672 /* LookUp */,
				DB002BB22A67C2D5001B5672 /* Community */,
				DB002BAF2A67C262001B5672 /* Home */,
				DBFF258C2A5B937E00CF6DD4 /* Auth */,
			);
			path = Presenters;
			sourceTree = "<group>";
		};
		DBFF258C2A5B937E00CF6DD4 /* Auth */ = {
			isa = PBXGroup;
			children = (
				DBFF25942A5B951200CF6DD4 /* SignUp */,
				DBFF258D2A5B938900CF6DD4 /* SignIn */,
				DBB820B62A5E455B0016CB63 /* FindPW */,
			);
			path = Auth;
			sourceTree = "<group>";
		};
		DBFF258D2A5B938900CF6DD4 /* SignIn */ = {
			isa = PBXGroup;
			children = (
				DBFFDA342A492A4E0008C2B5 /* OAuthLoginViewModel.swift */,
				DBFFDA3D2A4988200008C2B5 /* PhoneAuthViewModel.swift */,
				DBFFD9ED2A47E2E20008C2B5 /* OAuthLoginViewController.swift */,
				DBFFDA382A497A460008C2B5 /* PhoneAuthViewController.swift */,
			);
			path = SignIn;
			sourceTree = "<group>";
		};
		DBFF258E2A5B940300CF6DD4 /* Agreement */ = {
			isa = PBXGroup;
			children = (
				DB51D2542A4B3DC0002415B0 /* AgreementViewController.swift */,
				DB51D2562A4BB8B5002415B0 /* AgreementViewModel.swift */,
			);
			path = Agreement;
			sourceTree = "<group>";
		};
		DBFF258F2A5B945300CF6DD4 /* Domain */ = {
			isa = PBXGroup;
			children = (
				DBFFDA1D2A47F0D50008C2B5 /* Models */,
				DBFF259E2A5B990200CF6DD4 /* UseCase */,
			);
			path = Domain;
			sourceTree = "<group>";
		};
		DBFF25902A5B949500CF6DD4 /* RegistInfoInput */ = {
			isa = PBXGroup;
			children = (
				DB6D93DD2A4E7E340011F9BC /* RegistInfoInputViewController.swift */,
				DB6D93D62A4D62920011F9BC /* RegistInfoViewModel.swift */,
			);
			path = RegistInfoInput;
			sourceTree = "<group>";
		};
		DBFF25912A5B94D100CF6DD4 /* PhoneVerification */ = {
			isa = PBXGroup;
			children = (
				DB5D222F2A546AB400B32485 /* PhoneVerificationViewModel.swift */,
				DB6D93E12A4EC8C10011F9BC /* PhoneVerificationViewController.swift */,
			);
			path = PhoneVerification;
			sourceTree = "<group>";
		};
		DBFF25922A5B94E200CF6DD4 /* PasswordSetting */ = {
			isa = PBXGroup;
			children = (
				DB5D22312A5470A800B32485 /* PasswordSettingViewModel.swift */,
				DB6D93E32A4EDCE20011F9BC /* PasswordSettingViewController.swift */,
			);
			path = PasswordSetting;
			sourceTree = "<group>";
		};
		DBFF25932A5B94FE00CF6DD4 /* ProfileSetting */ = {
			isa = PBXGroup;
			children = (
				DB7559DE2A548BC000B88B96 /* ProfileSettingViewController.swift */,
				DB7559E02A548C6800B88B96 /* ProfileSettingViewModel.swift */,
			);
			path = ProfileSetting;
			sourceTree = "<group>";
		};
		DBFF25942A5B951200CF6DD4 /* SignUp */ = {
			isa = PBXGroup;
			children = (
				DB5712362A724D5900DCAD9C /* OAuthRegistInput */,
				DB746F712A71306F00FBA8D4 /* RegistCompletion */,
				DBFF25952A5B956A00CF6DD4 /* SportSelection */,
				DBFF25932A5B94FE00CF6DD4 /* ProfileSetting */,
				DBFF25922A5B94E200CF6DD4 /* PasswordSetting */,
				DBFF25912A5B94D100CF6DD4 /* PhoneVerification */,
				DBFF25902A5B949500CF6DD4 /* RegistInfoInput */,
				DBFF258E2A5B940300CF6DD4 /* Agreement */,
			);
			path = SignUp;
			sourceTree = "<group>";
		};
		DBFF25952A5B956A00CF6DD4 /* SportSelection */ = {
			isa = PBXGroup;
			children = (
				DB7559E62A55062C00B88B96 /* SportsCell.swift */,
				DB7559E42A55035800B88B96 /* SportsSelectingViewModel.swift */,
				DB7559E22A55030400B88B96 /* SportsSelectingViewController.swift */,
			);
			path = SportSelection;
			sourceTree = "<group>";
		};
		DBFF25962A5B959200CF6DD4 /* Common */ = {
			isa = PBXGroup;
			children = (
				DB5712312A72359700DCAD9C /* Service */,
				DB5712302A72355E00DCAD9C /* Error */,
				DB668AF52A4F040300D702A1 /* Protocols */,
				DBFFDA272A47F1450008C2B5 /* Extension */,
				DB668AFA2A50016400D702A1 /* Enums */,
				DBFF259A2A5B96EE00CF6DD4 /* UI */,
			);
			path = Common;
			sourceTree = "<group>";
		};
		DBFF25972A5B95A500CF6DD4 /* Base */ = {
			isa = PBXGroup;
			children = (
				DBFFDA3A2A4983F90008C2B5 /* BaseViewController.swift */,
			);
			path = Base;
			sourceTree = "<group>";
		};
		DBFF25992A5B96A600CF6DD4 /* TelecomProvider */ = {
			isa = PBXGroup;
			children = (
				DB6D93D02A4D5D2F0011F9BC /* SimpleLabelCell.swift */,
				DB6D93D32A4D61D60011F9BC /* TelecomProviderSelectorViewController.swift */,
			);
			path = TelecomProvider;
			sourceTree = "<group>";
		};
		DBFF259A2A5B96EE00CF6DD4 /* UI */ = {
			isa = PBXGroup;
			children = (
				DB97F8332A527B9F009C09A1 /* Alert */,
				DB97F83D2A52C1E3009C09A1 /* PaddingLabel.swift */,
				DBFFDA432A49BD910008C2B5 /* StandardButton.swift */,
				DB51D2522A4B36A5002415B0 /* AgreementView.swift */,
				DB6D93DC2A4E76E90011F9BC /* TextField */,
				DBFF25992A5B96A600CF6DD4 /* TelecomProvider */,
				DBFF25972A5B95A500CF6DD4 /* Base */,
				DB51ECB92A68488C009F4690 /* FitHubSearchBar.swift */,
			);
			path = UI;
			sourceTree = "<group>";
		};
		DBFF259B2A5B981E00CF6DD4 /* App */ = {
			isa = PBXGroup;
			children = (
				DBFFDA1F2A47F0E50008C2B5 /* Resource */,
				DBFFD9E92A47E2E20008C2B5 /* AppDelegate.swift */,
				DBFFD9EB2A47E2E20008C2B5 /* SceneDelegate.swift */,
				DBFFD9F42A47E2E40008C2B5 /* LaunchScreen.storyboard */,
				DBFFD9F72A47E2E40008C2B5 /* Info.plist */,
				DB5F84BE2A5CF72100E16C14 /* AppInfo.xcconfig */,
			);
			path = App;
			sourceTree = "<group>";
		};
		DBFF259E2A5B990200CF6DD4 /* UseCase */ = {
			isa = PBXGroup;
			children = (
				DB8CD71D2A6E163C004735C8 /* Community */,
				DBF125EE2A600B04004DA4B9 /* Auth */,
			);
			path = UseCase;
			sourceTree = "<group>";
		};
		DBFF25A12A5B99E200CF6DD4 /* Data */ = {
			isa = PBXGroup;
			children = (
				DBF125EB2A5EB5E9004DA4B9 /* Repository */,
				DBF125EA2A5EA0DA004DA4B9 /* DTO */,
				DBFFDA202A47F0EF0008C2B5 /* Network */,
			);
			path = Data;
			sourceTree = "<group>";
		};
		DBFFD9DD2A47E2E20008C2B5 = {
			isa = PBXGroup;
			children = (
				DBFFD9E82A47E2E20008C2B5 /* FitHub */,
				DBFFD9E72A47E2E20008C2B5 /* Products */,
			);
			sourceTree = "<group>";
		};
		DBFFD9E72A47E2E20008C2B5 /* Products */ = {
			isa = PBXGroup;
			children = (
				DBFFD9E62A47E2E20008C2B5 /* FitHub.app */,
			);
			name = Products;
			sourceTree = "<group>";
		};
		DBFFD9E82A47E2E20008C2B5 /* FitHub */ = {
			isa = PBXGroup;
			children = (
				DBD8526B2A5C4BB400588BF4 /* FitHub.entitlements */,
				DBFF259B2A5B981E00CF6DD4 /* App */,
				DBFF258B2A5B925E00CF6DD4 /* Presenters */,
				DBFF25962A5B959200CF6DD4 /* Common */,
				DBFF25A12A5B99E200CF6DD4 /* Data */,
				DBFF258F2A5B945300CF6DD4 /* Domain */,
			);
			path = FitHub;
			sourceTree = "<group>";
		};
		DBFFDA1D2A47F0D50008C2B5 /* Models */ = {
			isa = PBXGroup;
			children = (
				DB51D2582A4C2719002415B0 /* AgreementModel.swift */,
				DB668AF82A4F06D000D702A1 /* AuthUserInfo.swift */,
			);
			path = Models;
			sourceTree = "<group>";
		};
		DBFFDA1F2A47F0E50008C2B5 /* Resource */ = {
			isa = PBXGroup;
			children = (
				DBFFDA2C2A485FE70008C2B5 /* Fonts */,
				DBFFD9F22A47E2E40008C2B5 /* Assets.xcassets */,
			);
			path = Resource;
			sourceTree = "<group>";
		};
		DBFFDA202A47F0EF0008C2B5 /* Network */ = {
			isa = PBXGroup;
			children = (
				DB71348C2A5BDBF90006EAAB /* AuthService.swift */,
			);
			path = Network;
			sourceTree = "<group>";
		};
		DBFFDA272A47F1450008C2B5 /* Extension */ = {
			isa = PBXGroup;
			children = (
				DBFFDA282A47F1570008C2B5 /* UIColor+.swift */,
				DBFFDA2A2A47F1600008C2B5 /* UIFont+.swift */,
				DB668AF32A4EECB300D702A1 /* UIViewController+.swift */,
				DB97F83B2A52B36E009C09A1 /* NotificationName+.swift */,
			);
			path = Extension;
			sourceTree = "<group>";
		};
		DBFFDA2C2A485FE70008C2B5 /* Fonts */ = {
			isa = PBXGroup;
			children = (
				DBFFDA2D2A4860330008C2B5 /* Pretendard-Medium.otf */,
				DBFFDA2F2A4860330008C2B5 /* Pretendard-Regular.otf */,
				DBFFDA2E2A4860330008C2B5 /* Pretendard-SemiBold.otf */,
			);
			path = Fonts;
			sourceTree = "<group>";
		};
/* End PBXGroup section */

/* Begin PBXNativeTarget section */
		DBFFD9E52A47E2E20008C2B5 /* FitHub */ = {
			isa = PBXNativeTarget;
			buildConfigurationList = DBFFD9FA2A47E2E40008C2B5 /* Build configuration list for PBXNativeTarget "FitHub" */;
			buildPhases = (
				DBFFD9E22A47E2E20008C2B5 /* Sources */,
				DBFFD9E32A47E2E20008C2B5 /* Frameworks */,
				DBFFD9E42A47E2E20008C2B5 /* Resources */,
			);
			buildRules = (
			);
			dependencies = (
			);
			name = FitHub;
			packageProductDependencies = (
				DBFFD9FE2A47E4650008C2B5 /* SnapKit */,
				DBFFDA012A47E4A50008C2B5 /* RxCocoa */,
				DBFFDA032A47E4A50008C2B5 /* RxRelay */,
				DBFFDA052A47E4A50008C2B5 /* RxSwift */,
				DBFFDA0A2A47E64C0008C2B5 /* Then */,
				DBFFDA0D2A47E6E60008C2B5 /* Alamofire */,
				DBFFDA102A47E71C0008C2B5 /* Kingfisher */,
				DBFFDA132A47E8A70008C2B5 /* RxKakaoSDKAuth */,
				DBFFDA152A47E8A70008C2B5 /* RxKakaoSDKCommon */,
				DBFFDA172A47E8A70008C2B5 /* RxKakaoSDKShare */,
				DBFFDA192A47E8A70008C2B5 /* RxKakaoSDKUser */,
				DB98D4E52A56E7970096D88F /* RxGesture */,
				DBDBA30B2A64D2B700F1CDA5 /* RxKeyboard */,
				DB8CD70F2A6D2385004735C8 /* RxDataSources */,
			);
			productName = FitHub;
			productReference = DBFFD9E62A47E2E20008C2B5 /* FitHub.app */;
			productType = "com.apple.product-type.application";
		};
/* End PBXNativeTarget section */

/* Begin PBXProject section */
		DBFFD9DE2A47E2E20008C2B5 /* Project object */ = {
			isa = PBXProject;
			attributes = {
				BuildIndependentTargetsInParallel = 1;
				LastSwiftUpdateCheck = 1430;
				LastUpgradeCheck = 1430;
				TargetAttributes = {
					DBFFD9E52A47E2E20008C2B5 = {
						CreatedOnToolsVersion = 14.3;
					};
				};
			};
			buildConfigurationList = DBFFD9E12A47E2E20008C2B5 /* Build configuration list for PBXProject "FitHub" */;
			compatibilityVersion = "Xcode 14.0";
			developmentRegion = en;
			hasScannedForEncodings = 0;
			knownRegions = (
				en,
				Base,
			);
			mainGroup = DBFFD9DD2A47E2E20008C2B5;
			packageReferences = (
				DBFFD9FD2A47E4640008C2B5 /* XCRemoteSwiftPackageReference "SnapKit" */,
				DBFFDA002A47E4A50008C2B5 /* XCRemoteSwiftPackageReference "RxSwift" */,
				DBFFDA092A47E64B0008C2B5 /* XCRemoteSwiftPackageReference "Then" */,
				DBFFDA0C2A47E6E60008C2B5 /* XCRemoteSwiftPackageReference "Alamofire" */,
				DBFFDA0F2A47E71C0008C2B5 /* XCRemoteSwiftPackageReference "Kingfisher" */,
				DBFFDA122A47E8A70008C2B5 /* XCRemoteSwiftPackageReference "kakao-ios-sdk-rx" */,
				DB98D4E42A56E7970096D88F /* XCRemoteSwiftPackageReference "RxGesture" */,
				DBDBA30A2A64D2B700F1CDA5 /* XCRemoteSwiftPackageReference "RxKeyboard" */,
				DB8CD70E2A6D2385004735C8 /* XCRemoteSwiftPackageReference "RxDataSources" */,
			);
			productRefGroup = DBFFD9E72A47E2E20008C2B5 /* Products */;
			projectDirPath = "";
			projectRoot = "";
			targets = (
				DBFFD9E52A47E2E20008C2B5 /* FitHub */,
			);
		};
/* End PBXProject section */

/* Begin PBXResourcesBuildPhase section */
		DBFFD9E42A47E2E20008C2B5 /* Resources */ = {
			isa = PBXResourcesBuildPhase;
			buildActionMask = 2147483647;
			files = (
				DBFFD9F62A47E2E40008C2B5 /* LaunchScreen.storyboard in Resources */,
				DBFFD9F32A47E2E40008C2B5 /* Assets.xcassets in Resources */,
				DBFFDA322A4860330008C2B5 /* Pretendard-Regular.otf in Resources */,
				DBFFDA302A4860330008C2B5 /* Pretendard-Medium.otf in Resources */,
				DBFFDA312A4860330008C2B5 /* Pretendard-SemiBold.otf in Resources */,
			);
			runOnlyForDeploymentPostprocessing = 0;
		};
/* End PBXResourcesBuildPhase section */

/* Begin PBXSourcesBuildPhase section */
		DBFFD9E22A47E2E20008C2B5 /* Sources */ = {
			isa = PBXSourcesBuildPhase;
			buildActionMask = 2147483647;
			files = (
				DB6D93DE2A4E7E340011F9BC /* RegistInfoInputViewController.swift in Sources */,
				DB8CD7152A6D2C9F004735C8 /* CertificationCell.swift in Sources */,
				DB7559E32A55030400B88B96 /* SportsSelectingViewController.swift in Sources */,
				DB6D93D42A4D61D60011F9BC /* TelecomProviderSelectorViewController.swift in Sources */,
				DBF125DB2A5E7C14004DA4B9 /* VerificationNumberTextFieldView.swift in Sources */,
				DBFFDA2B2A47F1600008C2B5 /* UIFont+.swift in Sources */,
				DB6D93E22A4EC8C10011F9BC /* PhoneVerificationViewController.swift in Sources */,
				DB7559E52A55035800B88B96 /* SportsSelectingViewModel.swift in Sources */,
				DB8CD7012A6D0BFE004735C8 /* PhoneVerificationRepository.swift in Sources */,
				DB8CD7132A6D2855004735C8 /* SortSwitchView.swift in Sources */,
				DB002BB42A67C332001B5672 /* CommunityViewController.swift in Sources */,
				DB55B6C32A6B9B55006FEA7F /* BaseResponse.swift in Sources */,
				DBFFDA392A497A460008C2B5 /* PhoneAuthViewController.swift in Sources */,
				DB7559DF2A548BC000B88B96 /* ProfileSettingViewController.swift in Sources */,
				DB5D22302A546AB400B32485 /* PhoneVerificationViewModel.swift in Sources */,
				DB8CD71F2A6E164A004735C8 /* CommunityUseCase.swift in Sources */,
				DB57122F2A7205DA00DCAD9C /* ResetPasswordRepository.swift in Sources */,
				DB55B6C92A6BB28A006FEA7F /* PhoneNumLoginUseCase.swift in Sources */,
				DB71348D2A5BDBF90006EAAB /* AuthService.swift in Sources */,
				DBFFDA3B2A4983F90008C2B5 /* BaseViewController.swift in Sources */,
				DB8CD7252A6E58A1004735C8 /* CommunityType.swift in Sources */,
				DB57122D2A72059300DCAD9C /* ResetPasswordUseCase.swift in Sources */,
				DBFF25A02A5B991A00CF6DD4 /* OAuthLoginUseCase.swift in Sources */,
				DB6CC3ED2A7016E700C4C2BC /* SportsSelectingUseCase.swift in Sources */,
				DB8CD70D2A6D14C5004735C8 /* CategoryCell.swift in Sources */,
				DB6D93DB2A4DCC650011F9BC /* DateOfBirthTextFieldView.swift in Sources */,
				DB5712382A724D7B00DCAD9C /* OAuthRegistInputViewController.swift in Sources */,
				DBFFDA3E2A4988200008C2B5 /* PhoneAuthViewModel.swift in Sources */,
				DB002BBB2A67C3C7001B5672 /* MyPageViewController.swift in Sources */,
				DB5D22322A5470A800B32485 /* PasswordSettingViewModel.swift in Sources */,
				DB5712352A723C1500DCAD9C /* AuthManager.swift in Sources */,
				DB8CD7222A6E16FA004735C8 /* CommunityRepository.swift in Sources */,
				DB57122B2A71F29600DCAD9C /* ChangePasswordDTO.swift in Sources */,
				DBDBA3112A65324C00F1CDA5 /* OAuthLoginDTO.swift in Sources */,
				DB51D2592A4C2719002415B0 /* AgreementModel.swift in Sources */,
				DB7559E72A55062C00B88B96 /* SportsCell.swift in Sources */,
				DB7559E12A548C6800B88B96 /* ProfileSettingViewModel.swift in Sources */,
				DB97F8352A527BCF009C09A1 /* StandardNotificationAlertView.swift in Sources */,
				DBB820BC2A5E4D990016CB63 /* FindPWUseCase.swift in Sources */,
				DB51D2532A4B36A5002415B0 /* AgreementView.swift in Sources */,
				DBFFD9EE2A47E2E20008C2B5 /* OAuthLoginViewController.swift in Sources */,
				DB8CD7192A6E0B7D004735C8 /* CommunityViewModel.swift in Sources */,
				DBFFD9EA2A47E2E20008C2B5 /* AppDelegate.swift in Sources */,
				DB55B6D32A6C0855006FEA7F /* PhoneVerificationUseCase.swift in Sources */,
				DB8CD7082A6D0D38004735C8 /* OAuthLoginRepository.swift in Sources */,
				DB7134912A5BF46C0006EAAB /* AuthError.swift in Sources */,
				DB668AFC2A50017700D702A1 /* UserInfoStatus.swift in Sources */,
				DB8CD7172A6D3995004735C8 /* CreateActionSheet.swift in Sources */,
				DB57123E2A72651500DCAD9C /* RegistType.swift in Sources */,
				DB6D93D72A4D62920011F9BC /* RegistInfoViewModel.swift in Sources */,
				DB51ECC02A692EFC009F4690 /* TopTabbarItem.swift in Sources */,
				DB8CD71B2A6E0C93004735C8 /* CategoryDTO.swift in Sources */,
				DB5712332A7235D200DCAD9C /* KeychainManager.swift in Sources */,
				DB746F732A71308400FBA8D4 /* RegistCompletionViewController.swift in Sources */,
				DB55B6D62A6C2339006FEA7F /* PhoneAuthNumberDTO.swift in Sources */,
				DB6D93D12A4D5D2F0011F9BC /* SimpleLabelCell.swift in Sources */,
				DB6D93E42A4EDCE20011F9BC /* PasswordSettingViewController.swift in Sources */,
				DBF125E52A5E8DFB004DA4B9 /* NickNameTextFieldView.swift in Sources */,
				DB51D2572A4BB8B5002415B0 /* AgreementViewModel.swift in Sources */,
				DBFFD9EC2A47E2E20008C2B5 /* SceneDelegate.swift in Sources */,
				DB57123A2A72590B00DCAD9C /* OAuthRegistInputViewModel.swift in Sources */,
				DB57123C2A7259B700DCAD9C /* OAuthRegistInputUseCase.swift in Sources */,
				DB6D93CF2A4D596D0011F9BC /* TelecomProviderType.swift in Sources */,
				DBF125E12A5E7DFD004DA4B9 /* ResetPasswordViewController.swift in Sources */,
				DB55B6C52A6BAF38006FEA7F /* PhoneNumLoginDTO.swift in Sources */,
				DB6CC3F12A70BF5600C4C2BC /* SportsSelectingRepository.swift in Sources */,
				DB668AF92A4F06D000D702A1 /* AuthUserInfo.swift in Sources */,
				DB51ECBA2A68488C009F4690 /* FitHubSearchBar.swift in Sources */,
				DBFFDA422A499BC00008C2B5 /* StandardTextFieldView.swift in Sources */,
				DBB820B82A5E45940016CB63 /* FindPWViewController.swift in Sources */,
				DBB820BA2A5E47BA0016CB63 /* FindPWViewModel.swift in Sources */,
				DB97F83C2A52B36E009C09A1 /* NotificationName+.swift in Sources */,
				DBFFDA292A47F1570008C2B5 /* UIColor+.swift in Sources */,
				DBF125DF2A5E7DED004DA4B9 /* ResetPasswordViewModel.swift in Sources */,
				DB668AF42A4EECB300D702A1 /* UIViewController+.swift in Sources */,
				DB51ECBD2A68E846009F4690 /* FitHubTopTabbar.swift in Sources */,
				DBFFDA442A49BD910008C2B5 /* StandardButton.swift in Sources */,
				DB8CD7292A6E72C0004735C8 /* AgreementUseCase.swift in Sources */,
				DBF125E32A5E885D004DA4B9 /* PasswordUseCase.swift in Sources */,
				DB8CD70B2A6D0E07004735C8 /* FindPWRepository.swift in Sources */,
				DB97F83E2A52C1E3009C09A1 /* PaddingLabel.swift in Sources */,
				DB97F83A2A52B2F7009C09A1 /* StandardAlertAction.swift in Sources */,
				DB8CD7062A6D0CF2004735C8 /* PhoneNumLoginRepository.swift in Sources */,
				DBB820B52A5D67CA0016CB63 /* RegistInfoUseCase.swift in Sources */,
				DB8CD7272A6E5A27004735C8 /* OrderType.swift in Sources */,
				DBFFDA352A492A4E0008C2B5 /* OAuthLoginViewModel.swift in Sources */,
				DB97F8382A52B2F2009C09A1 /* StandardAlertController.swift in Sources */,
				DB6CC3F32A70E59700C4C2BC /* RegistResponseDTO.swift in Sources */,
				DBDBA30E2A64EC8200F1CDA5 /* NickNameDTO.swift in Sources */,
				DB002BB82A67C36F001B5672 /* LookUpViewController.swift in Sources */,
				DB8CD6FF2A6D0B7C004735C8 /* ProfileSettingRepository.swift in Sources */,
				DBF125E72A5E9EDD004DA4B9 /* ProfileSettingUseCase.swift in Sources */,
				DB002BB12A67C273001B5672 /* HomeViewController.swift in Sources */,
				DB51D2552A4B3DC0002415B0 /* AgreementViewController.swift in Sources */,
				DB668AF72A4F041100D702A1 /* ViewModelType.swift in Sources */,
			);
			runOnlyForDeploymentPostprocessing = 0;
		};
/* End PBXSourcesBuildPhase section */

/* Begin PBXVariantGroup section */
		DBFFD9F42A47E2E40008C2B5 /* LaunchScreen.storyboard */ = {
			isa = PBXVariantGroup;
			children = (
				DBFFD9F52A47E2E40008C2B5 /* Base */,
			);
			name = LaunchScreen.storyboard;
			sourceTree = "<group>";
		};
/* End PBXVariantGroup section */

/* Begin XCBuildConfiguration section */
		DBFFD9F82A47E2E40008C2B5 /* Debug */ = {
			isa = XCBuildConfiguration;
			buildSettings = {
				ALWAYS_SEARCH_USER_PATHS = NO;
				CLANG_ANALYZER_NONNULL = YES;
				CLANG_ANALYZER_NUMBER_OBJECT_CONVERSION = YES_AGGRESSIVE;
				CLANG_CXX_LANGUAGE_STANDARD = "gnu++20";
				CLANG_ENABLE_MODULES = YES;
				CLANG_ENABLE_OBJC_ARC = YES;
				CLANG_ENABLE_OBJC_WEAK = YES;
				CLANG_WARN_BLOCK_CAPTURE_AUTORELEASING = YES;
				CLANG_WARN_BOOL_CONVERSION = YES;
				CLANG_WARN_COMMA = YES;
				CLANG_WARN_CONSTANT_CONVERSION = YES;
				CLANG_WARN_DEPRECATED_OBJC_IMPLEMENTATIONS = YES;
				CLANG_WARN_DIRECT_OBJC_ISA_USAGE = YES_ERROR;
				CLANG_WARN_DOCUMENTATION_COMMENTS = YES;
				CLANG_WARN_EMPTY_BODY = YES;
				CLANG_WARN_ENUM_CONVERSION = YES;
				CLANG_WARN_INFINITE_RECURSION = YES;
				CLANG_WARN_INT_CONVERSION = YES;
				CLANG_WARN_NON_LITERAL_NULL_CONVERSION = YES;
				CLANG_WARN_OBJC_IMPLICIT_RETAIN_SELF = YES;
				CLANG_WARN_OBJC_LITERAL_CONVERSION = YES;
				CLANG_WARN_OBJC_ROOT_CLASS = YES_ERROR;
				CLANG_WARN_QUOTED_INCLUDE_IN_FRAMEWORK_HEADER = YES;
				CLANG_WARN_RANGE_LOOP_ANALYSIS = YES;
				CLANG_WARN_STRICT_PROTOTYPES = YES;
				CLANG_WARN_SUSPICIOUS_MOVE = YES;
				CLANG_WARN_UNGUARDED_AVAILABILITY = YES_AGGRESSIVE;
				CLANG_WARN_UNREACHABLE_CODE = YES;
				CLANG_WARN__DUPLICATE_METHOD_MATCH = YES;
				COPY_PHASE_STRIP = NO;
				DEBUG_INFORMATION_FORMAT = dwarf;
				ENABLE_STRICT_OBJC_MSGSEND = YES;
				ENABLE_TESTABILITY = YES;
				ENABLE_TESTING_SEARCH_PATHS = YES;
				GCC_C_LANGUAGE_STANDARD = gnu11;
				GCC_DYNAMIC_NO_PIC = NO;
				GCC_NO_COMMON_BLOCKS = YES;
				GCC_OPTIMIZATION_LEVEL = 0;
				GCC_PREPROCESSOR_DEFINITIONS = (
					"DEBUG=1",
					"$(inherited)",
				);
				GCC_WARN_64_TO_32_BIT_CONVERSION = YES;
				GCC_WARN_ABOUT_RETURN_TYPE = YES_ERROR;
				GCC_WARN_UNDECLARED_SELECTOR = YES;
				GCC_WARN_UNINITIALIZED_AUTOS = YES_AGGRESSIVE;
				GCC_WARN_UNUSED_FUNCTION = YES;
				GCC_WARN_UNUSED_VARIABLE = YES;
				IPHONEOS_DEPLOYMENT_TARGET = 16.4;
				MTL_ENABLE_DEBUG_INFO = INCLUDE_SOURCE;
				MTL_FAST_MATH = YES;
				ONLY_ACTIVE_ARCH = YES;
				SDKROOT = iphoneos;
				SWIFT_ACTIVE_COMPILATION_CONDITIONS = DEBUG;
				SWIFT_OPTIMIZATION_LEVEL = "-Onone";
			};
			name = Debug;
		};
		DBFFD9F92A47E2E40008C2B5 /* Release */ = {
			isa = XCBuildConfiguration;
			buildSettings = {
				ALWAYS_SEARCH_USER_PATHS = NO;
				CLANG_ANALYZER_NONNULL = YES;
				CLANG_ANALYZER_NUMBER_OBJECT_CONVERSION = YES_AGGRESSIVE;
				CLANG_CXX_LANGUAGE_STANDARD = "gnu++20";
				CLANG_ENABLE_MODULES = YES;
				CLANG_ENABLE_OBJC_ARC = YES;
				CLANG_ENABLE_OBJC_WEAK = YES;
				CLANG_WARN_BLOCK_CAPTURE_AUTORELEASING = YES;
				CLANG_WARN_BOOL_CONVERSION = YES;
				CLANG_WARN_COMMA = YES;
				CLANG_WARN_CONSTANT_CONVERSION = YES;
				CLANG_WARN_DEPRECATED_OBJC_IMPLEMENTATIONS = YES;
				CLANG_WARN_DIRECT_OBJC_ISA_USAGE = YES_ERROR;
				CLANG_WARN_DOCUMENTATION_COMMENTS = YES;
				CLANG_WARN_EMPTY_BODY = YES;
				CLANG_WARN_ENUM_CONVERSION = YES;
				CLANG_WARN_INFINITE_RECURSION = YES;
				CLANG_WARN_INT_CONVERSION = YES;
				CLANG_WARN_NON_LITERAL_NULL_CONVERSION = YES;
				CLANG_WARN_OBJC_IMPLICIT_RETAIN_SELF = YES;
				CLANG_WARN_OBJC_LITERAL_CONVERSION = YES;
				CLANG_WARN_OBJC_ROOT_CLASS = YES_ERROR;
				CLANG_WARN_QUOTED_INCLUDE_IN_FRAMEWORK_HEADER = YES;
				CLANG_WARN_RANGE_LOOP_ANALYSIS = YES;
				CLANG_WARN_STRICT_PROTOTYPES = YES;
				CLANG_WARN_SUSPICIOUS_MOVE = YES;
				CLANG_WARN_UNGUARDED_AVAILABILITY = YES_AGGRESSIVE;
				CLANG_WARN_UNREACHABLE_CODE = YES;
				CLANG_WARN__DUPLICATE_METHOD_MATCH = YES;
				COPY_PHASE_STRIP = NO;
				DEBUG_INFORMATION_FORMAT = "dwarf-with-dsym";
				ENABLE_NS_ASSERTIONS = NO;
				ENABLE_STRICT_OBJC_MSGSEND = YES;
				ENABLE_TESTING_SEARCH_PATHS = YES;
				GCC_C_LANGUAGE_STANDARD = gnu11;
				GCC_NO_COMMON_BLOCKS = YES;
				GCC_WARN_64_TO_32_BIT_CONVERSION = YES;
				GCC_WARN_ABOUT_RETURN_TYPE = YES_ERROR;
				GCC_WARN_UNDECLARED_SELECTOR = YES;
				GCC_WARN_UNINITIALIZED_AUTOS = YES_AGGRESSIVE;
				GCC_WARN_UNUSED_FUNCTION = YES;
				GCC_WARN_UNUSED_VARIABLE = YES;
				IPHONEOS_DEPLOYMENT_TARGET = 16.4;
				MTL_ENABLE_DEBUG_INFO = NO;
				MTL_FAST_MATH = YES;
				SDKROOT = iphoneos;
				SWIFT_COMPILATION_MODE = wholemodule;
				SWIFT_OPTIMIZATION_LEVEL = "-O";
				VALIDATE_PRODUCT = YES;
			};
			name = Release;
		};
		DBFFD9FB2A47E2E40008C2B5 /* Debug */ = {
			isa = XCBuildConfiguration;
			baseConfigurationReference = DB5F84BE2A5CF72100E16C14 /* AppInfo.xcconfig */;
			buildSettings = {
				ASSETCATALOG_COMPILER_APPICON_NAME = AppIcon;
				ASSETCATALOG_COMPILER_GLOBAL_ACCENT_COLOR_NAME = AccentColor;
				CODE_SIGN_ENTITLEMENTS = FitHub/FitHub.entitlements;
				CODE_SIGN_IDENTITY = "Apple Development";
				CODE_SIGN_STYLE = Automatic;
				CURRENT_PROJECT_VERSION = 19;
				DEVELOPMENT_TEAM = V2YNV9QV27;
				GENERATE_INFOPLIST_FILE = YES;
				INFOPLIST_FILE = FitHub/App/Info.plist;
				INFOPLIST_KEY_NSPhotoLibraryUsageDescription = "프로필 사진 선택을 위해 앨범 접근 권한이 필요합니다.";
				INFOPLIST_KEY_UIApplicationSupportsIndirectInputEvents = YES;
				INFOPLIST_KEY_UILaunchStoryboardName = LaunchScreen.storyboard;
				INFOPLIST_KEY_UISupportedInterfaceOrientations = UIInterfaceOrientationPortrait;
				INFOPLIST_KEY_UISupportedInterfaceOrientations_iPad = "UIInterfaceOrientationLandscapeLeft UIInterfaceOrientationLandscapeRight UIInterfaceOrientationPortrait UIInterfaceOrientationPortraitUpsideDown";
				IPHONEOS_DEPLOYMENT_TARGET = 15.0;
				LD_RUNPATH_SEARCH_PATHS = (
					"$(inherited)",
					"@executable_path/Frameworks",
				);
				MARKETING_VERSION = 1.0.0;
				PRODUCT_BUNDLE_IDENTIFIER = iosdev.sw.FitHub;
				PRODUCT_NAME = "$(TARGET_NAME)";
				PROVISIONING_PROFILE_SPECIFIER = "";
				SUPPORTED_PLATFORMS = "iphoneos iphonesimulator";
				SUPPORTS_MACCATALYST = NO;
				SUPPORTS_MAC_DESIGNED_FOR_IPHONE_IPAD = NO;
				SWIFT_EMIT_LOC_STRINGS = YES;
				SWIFT_VERSION = 5.0;
				TARGETED_DEVICE_FAMILY = 1;
			};
			name = Debug;
		};
		DBFFD9FC2A47E2E40008C2B5 /* Release */ = {
			isa = XCBuildConfiguration;
			baseConfigurationReference = DB5F84BE2A5CF72100E16C14 /* AppInfo.xcconfig */;
			buildSettings = {
				ASSETCATALOG_COMPILER_APPICON_NAME = AppIcon;
				ASSETCATALOG_COMPILER_GLOBAL_ACCENT_COLOR_NAME = AccentColor;
				CODE_SIGN_ENTITLEMENTS = FitHub/FitHub.entitlements;
				CODE_SIGN_IDENTITY = "Apple Development";
				CODE_SIGN_STYLE = Automatic;
				CURRENT_PROJECT_VERSION = 19;
				DEVELOPMENT_TEAM = V2YNV9QV27;
				GENERATE_INFOPLIST_FILE = YES;
				INFOPLIST_FILE = FitHub/App/Info.plist;
				INFOPLIST_KEY_NSPhotoLibraryUsageDescription = "프로필 사진 선택을 위해 앨범 접근 권한이 필요합니다.";
				INFOPLIST_KEY_UIApplicationSupportsIndirectInputEvents = YES;
				INFOPLIST_KEY_UILaunchStoryboardName = LaunchScreen.storyboard;
				INFOPLIST_KEY_UISupportedInterfaceOrientations = UIInterfaceOrientationPortrait;
				INFOPLIST_KEY_UISupportedInterfaceOrientations_iPad = "UIInterfaceOrientationLandscapeLeft UIInterfaceOrientationLandscapeRight UIInterfaceOrientationPortrait UIInterfaceOrientationPortraitUpsideDown";
				IPHONEOS_DEPLOYMENT_TARGET = 15.0;
				LD_RUNPATH_SEARCH_PATHS = (
					"$(inherited)",
					"@executable_path/Frameworks",
				);
				MARKETING_VERSION = 1.0.0;
				PRODUCT_BUNDLE_IDENTIFIER = iosdev.sw.FitHub;
				PRODUCT_NAME = "$(TARGET_NAME)";
				PROVISIONING_PROFILE_SPECIFIER = "";
				SUPPORTED_PLATFORMS = "iphoneos iphonesimulator";
				SUPPORTS_MACCATALYST = NO;
				SUPPORTS_MAC_DESIGNED_FOR_IPHONE_IPAD = NO;
				SWIFT_EMIT_LOC_STRINGS = YES;
				SWIFT_VERSION = 5.0;
				TARGETED_DEVICE_FAMILY = 1;
			};
			name = Release;
		};
/* End XCBuildConfiguration section */

/* Begin XCConfigurationList section */
		DBFFD9E12A47E2E20008C2B5 /* Build configuration list for PBXProject "FitHub" */ = {
			isa = XCConfigurationList;
			buildConfigurations = (
				DBFFD9F82A47E2E40008C2B5 /* Debug */,
				DBFFD9F92A47E2E40008C2B5 /* Release */,
			);
			defaultConfigurationIsVisible = 0;
			defaultConfigurationName = Release;
		};
		DBFFD9FA2A47E2E40008C2B5 /* Build configuration list for PBXNativeTarget "FitHub" */ = {
			isa = XCConfigurationList;
			buildConfigurations = (
				DBFFD9FB2A47E2E40008C2B5 /* Debug */,
				DBFFD9FC2A47E2E40008C2B5 /* Release */,
			);
			defaultConfigurationIsVisible = 0;
			defaultConfigurationName = Release;
		};
/* End XCConfigurationList section */

/* Begin XCRemoteSwiftPackageReference section */
		DB8CD70E2A6D2385004735C8 /* XCRemoteSwiftPackageReference "RxDataSources" */ = {
			isa = XCRemoteSwiftPackageReference;
			repositoryURL = "https://github.com/RxSwiftCommunity/RxDataSources";
			requirement = {
				kind = upToNextMajorVersion;
				minimumVersion = 5.0.0;
			};
		};
		DB98D4E42A56E7970096D88F /* XCRemoteSwiftPackageReference "RxGesture" */ = {
			isa = XCRemoteSwiftPackageReference;
			repositoryURL = "https://github.com/RxSwiftCommunity/RxGesture";
			requirement = {
				kind = upToNextMajorVersion;
				minimumVersion = 4.0.0;
			};
		};
		DBDBA30A2A64D2B700F1CDA5 /* XCRemoteSwiftPackageReference "RxKeyboard" */ = {
			isa = XCRemoteSwiftPackageReference;
			repositoryURL = "https://github.com/RxSwiftCommunity/RxKeyboard";
			requirement = {
				kind = upToNextMajorVersion;
				minimumVersion = 2.0.0;
			};
		};
		DBFFD9FD2A47E4640008C2B5 /* XCRemoteSwiftPackageReference "SnapKit" */ = {
			isa = XCRemoteSwiftPackageReference;
			repositoryURL = "https://github.com/SnapKit/SnapKit";
			requirement = {
				kind = upToNextMajorVersion;
				minimumVersion = 5.0.0;
			};
		};
		DBFFDA002A47E4A50008C2B5 /* XCRemoteSwiftPackageReference "RxSwift" */ = {
			isa = XCRemoteSwiftPackageReference;
			repositoryURL = "https://github.com/ReactiveX/RxSwift";
			requirement = {
				kind = upToNextMajorVersion;
				minimumVersion = 6.0.0;
			};
		};
		DBFFDA092A47E64B0008C2B5 /* XCRemoteSwiftPackageReference "Then" */ = {
			isa = XCRemoteSwiftPackageReference;
			repositoryURL = "https://github.com/devxoul/Then";
			requirement = {
				kind = upToNextMajorVersion;
				minimumVersion = 3.0.0;
			};
		};
		DBFFDA0C2A47E6E60008C2B5 /* XCRemoteSwiftPackageReference "Alamofire" */ = {
			isa = XCRemoteSwiftPackageReference;
			repositoryURL = "https://github.com/Alamofire/Alamofire";
			requirement = {
				kind = upToNextMajorVersion;
				minimumVersion = 5.0.0;
			};
		};
		DBFFDA0F2A47E71C0008C2B5 /* XCRemoteSwiftPackageReference "Kingfisher" */ = {
			isa = XCRemoteSwiftPackageReference;
			repositoryURL = "https://github.com/onevcat/Kingfisher";
			requirement = {
				kind = upToNextMajorVersion;
				minimumVersion = 7.0.0;
			};
		};
		DBFFDA122A47E8A70008C2B5 /* XCRemoteSwiftPackageReference "kakao-ios-sdk-rx" */ = {
			isa = XCRemoteSwiftPackageReference;
			repositoryURL = "https://github.com/kakao/kakao-ios-sdk-rx";
			requirement = {
				kind = upToNextMajorVersion;
				minimumVersion = 2.0.0;
			};
		};
/* End XCRemoteSwiftPackageReference section */

/* Begin XCSwiftPackageProductDependency section */
		DB8CD70F2A6D2385004735C8 /* RxDataSources */ = {
			isa = XCSwiftPackageProductDependency;
			package = DB8CD70E2A6D2385004735C8 /* XCRemoteSwiftPackageReference "RxDataSources" */;
			productName = RxDataSources;
		};
		DB98D4E52A56E7970096D88F /* RxGesture */ = {
			isa = XCSwiftPackageProductDependency;
			package = DB98D4E42A56E7970096D88F /* XCRemoteSwiftPackageReference "RxGesture" */;
			productName = RxGesture;
		};
		DBDBA30B2A64D2B700F1CDA5 /* RxKeyboard */ = {
			isa = XCSwiftPackageProductDependency;
			package = DBDBA30A2A64D2B700F1CDA5 /* XCRemoteSwiftPackageReference "RxKeyboard" */;
			productName = RxKeyboard;
		};
		DBFFD9FE2A47E4650008C2B5 /* SnapKit */ = {
			isa = XCSwiftPackageProductDependency;
			package = DBFFD9FD2A47E4640008C2B5 /* XCRemoteSwiftPackageReference "SnapKit" */;
			productName = SnapKit;
		};
		DBFFDA012A47E4A50008C2B5 /* RxCocoa */ = {
			isa = XCSwiftPackageProductDependency;
			package = DBFFDA002A47E4A50008C2B5 /* XCRemoteSwiftPackageReference "RxSwift" */;
			productName = RxCocoa;
		};
		DBFFDA032A47E4A50008C2B5 /* RxRelay */ = {
			isa = XCSwiftPackageProductDependency;
			package = DBFFDA002A47E4A50008C2B5 /* XCRemoteSwiftPackageReference "RxSwift" */;
			productName = RxRelay;
		};
		DBFFDA052A47E4A50008C2B5 /* RxSwift */ = {
			isa = XCSwiftPackageProductDependency;
			package = DBFFDA002A47E4A50008C2B5 /* XCRemoteSwiftPackageReference "RxSwift" */;
			productName = RxSwift;
		};
		DBFFDA0A2A47E64C0008C2B5 /* Then */ = {
			isa = XCSwiftPackageProductDependency;
			package = DBFFDA092A47E64B0008C2B5 /* XCRemoteSwiftPackageReference "Then" */;
			productName = Then;
		};
		DBFFDA0D2A47E6E60008C2B5 /* Alamofire */ = {
			isa = XCSwiftPackageProductDependency;
			package = DBFFDA0C2A47E6E60008C2B5 /* XCRemoteSwiftPackageReference "Alamofire" */;
			productName = Alamofire;
		};
		DBFFDA102A47E71C0008C2B5 /* Kingfisher */ = {
			isa = XCSwiftPackageProductDependency;
			package = DBFFDA0F2A47E71C0008C2B5 /* XCRemoteSwiftPackageReference "Kingfisher" */;
			productName = Kingfisher;
		};
		DBFFDA132A47E8A70008C2B5 /* RxKakaoSDKAuth */ = {
			isa = XCSwiftPackageProductDependency;
			package = DBFFDA122A47E8A70008C2B5 /* XCRemoteSwiftPackageReference "kakao-ios-sdk-rx" */;
			productName = RxKakaoSDKAuth;
		};
		DBFFDA152A47E8A70008C2B5 /* RxKakaoSDKCommon */ = {
			isa = XCSwiftPackageProductDependency;
			package = DBFFDA122A47E8A70008C2B5 /* XCRemoteSwiftPackageReference "kakao-ios-sdk-rx" */;
			productName = RxKakaoSDKCommon;
		};
		DBFFDA172A47E8A70008C2B5 /* RxKakaoSDKShare */ = {
			isa = XCSwiftPackageProductDependency;
			package = DBFFDA122A47E8A70008C2B5 /* XCRemoteSwiftPackageReference "kakao-ios-sdk-rx" */;
			productName = RxKakaoSDKShare;
		};
		DBFFDA192A47E8A70008C2B5 /* RxKakaoSDKUser */ = {
			isa = XCSwiftPackageProductDependency;
			package = DBFFDA122A47E8A70008C2B5 /* XCRemoteSwiftPackageReference "kakao-ios-sdk-rx" */;
			productName = RxKakaoSDKUser;
		};
/* End XCSwiftPackageProductDependency section */
	};
	rootObject = DBFFD9DE2A47E2E20008C2B5 /* Project object */;
}
